// !$*UTF8*$!
{
	archiveVersion = 1;
	classes = {
	};
	objectVersion = 48;
	objects = {

/* Begin PBXBuildFile section */
		121328771DBE45F700FED50E /* SocketService.swift in Sources */ = {isa = PBXBuildFile; fileRef = 121328761DBE45F700FED50E /* SocketService.swift */; };
		121A65411DC3678B00A6C6B9 /* NavigationBarPresenter.swift in Sources */ = {isa = PBXBuildFile; fileRef = 121A65401DC3678B00A6C6B9 /* NavigationBarPresenter.swift */; };
		121A65431DC367A100A6C6B9 /* NavigationBarInteractor.swift in Sources */ = {isa = PBXBuildFile; fileRef = 121A65421DC367A100A6C6B9 /* NavigationBarInteractor.swift */; };
		121A65451DC367BC00A6C6B9 /* NavigationBarRouter.swift in Sources */ = {isa = PBXBuildFile; fileRef = 121A65441DC367BC00A6C6B9 /* NavigationBarRouter.swift */; };
		121A65471DC37BA500A6C6B9 /* TabBarRouter.swift in Sources */ = {isa = PBXBuildFile; fileRef = 121A65461DC37BA500A6C6B9 /* TabBarRouter.swift */; };
		121A65491DC37C0300A6C6B9 /* TabBarInteractor.swift in Sources */ = {isa = PBXBuildFile; fileRef = 121A65481DC37C0300A6C6B9 /* TabBarInteractor.swift */; };
		121A654B1DC37C5000A6C6B9 /* TabBarPresenter.swift in Sources */ = {isa = PBXBuildFile; fileRef = 121A654A1DC37C5000A6C6B9 /* TabBarPresenter.swift */; };
		121A65561DC38FBF00A6C6B9 /* ChatViewController.swift in Sources */ = {isa = PBXBuildFile; fileRef = 121A654D1DC38FBF00A6C6B9 /* ChatViewController.swift */; };
		121A65571DC38FBF00A6C6B9 /* InitialViewController.swift in Sources */ = {isa = PBXBuildFile; fileRef = 121A654E1DC38FBF00A6C6B9 /* InitialViewController.swift */; };
		121A65581DC38FBF00A6C6B9 /* LaunchScreen.storyboard in Resources */ = {isa = PBXBuildFile; fileRef = 121A654F1DC38FBF00A6C6B9 /* LaunchScreen.storyboard */; };
		121A65591DC38FBF00A6C6B9 /* Main.storyboard in Resources */ = {isa = PBXBuildFile; fileRef = 121A65501DC38FBF00A6C6B9 /* Main.storyboard */; };
		121A655A1DC38FBF00A6C6B9 /* MapViewController.swift in Sources */ = {isa = PBXBuildFile; fileRef = 121A65511DC38FBF00A6C6B9 /* MapViewController.swift */; };
		121A655B1DC38FBF00A6C6B9 /* NavigationBarController.swift in Sources */ = {isa = PBXBuildFile; fileRef = 121A65521DC38FBF00A6C6B9 /* NavigationBarController.swift */; };
		121A655C1DC38FBF00A6C6B9 /* QuestsViewController.swift in Sources */ = {isa = PBXBuildFile; fileRef = 121A65531DC38FBF00A6C6B9 /* QuestsViewController.swift */; };
		121A655D1DC38FBF00A6C6B9 /* ShopViewController.swift in Sources */ = {isa = PBXBuildFile; fileRef = 121A65541DC38FBF00A6C6B9 /* ShopViewController.swift */; };
		121A655E1DC38FBF00A6C6B9 /* TabBarController.swift in Sources */ = {isa = PBXBuildFile; fileRef = 121A65551DC38FBF00A6C6B9 /* TabBarController.swift */; };
		121A65661DC38FF900A6C6B9 /* ProfileGridCell.swift in Sources */ = {isa = PBXBuildFile; fileRef = 121A655F1DC38FF900A6C6B9 /* ProfileGridCell.swift */; };
		121A65671DC38FF900A6C6B9 /* ProfileGridCell.xib in Resources */ = {isa = PBXBuildFile; fileRef = 121A65601DC38FF900A6C6B9 /* ProfileGridCell.xib */; };
		121A65681DC38FF900A6C6B9 /* ProfileGridViewController.swift in Sources */ = {isa = PBXBuildFile; fileRef = 121A65611DC38FF900A6C6B9 /* ProfileGridViewController.swift */; };
		121A65691DC38FF900A6C6B9 /* ProfileListCell.swift in Sources */ = {isa = PBXBuildFile; fileRef = 121A65621DC38FF900A6C6B9 /* ProfileListCell.swift */; };
		121A656A1DC38FF900A6C6B9 /* ProfileListCell.xib in Resources */ = {isa = PBXBuildFile; fileRef = 121A65631DC38FF900A6C6B9 /* ProfileListCell.xib */; };
		121A656B1DC38FF900A6C6B9 /* ProfileListViewController.swift in Sources */ = {isa = PBXBuildFile; fileRef = 121A65641DC38FF900A6C6B9 /* ProfileListViewController.swift */; };
		121A656C1DC38FF900A6C6B9 /* ProfileViewController.swift in Sources */ = {isa = PBXBuildFile; fileRef = 121A65651DC38FF900A6C6B9 /* ProfileViewController.swift */; };
		121A656E1DC390CA00A6C6B9 /* SeverenityTest.swift in Sources */ = {isa = PBXBuildFile; fileRef = 121A656D1DC390CA00A6C6B9 /* SeverenityTest.swift */; };
		121A65721DC3910D00A6C6B9 /* SeverenityUITests.swift in Sources */ = {isa = PBXBuildFile; fileRef = 121A65701DC3910D00A6C6B9 /* SeverenityUITests.swift */; };
		121D55421DC76AC900294742 /* MessageInView.xib in Resources */ = {isa = PBXBuildFile; fileRef = 121D55411DC76AC900294742 /* MessageInView.xib */; };
		121D55441DC76AEF00294742 /* MessageInView.swift in Sources */ = {isa = PBXBuildFile; fileRef = 121D55431DC76AEF00294742 /* MessageInView.swift */; };
		12698F111DC7856F000F4601 /* starting_background@2x.jpg in Resources */ = {isa = PBXBuildFile; fileRef = 12698F101DC7856F000F4601 /* starting_background@2x.jpg */; };
		1270DD1C1DC90009002E1139 /* HealthKit.framework in Frameworks */ = {isa = PBXBuildFile; fileRef = 1270DD1B1DC90009002E1139 /* HealthKit.framework */; };
		1270DD1E1DC9FB86002E1139 /* HealthKitService.swift in Sources */ = {isa = PBXBuildFile; fileRef = 1270DD1D1DC9FB86002E1139 /* HealthKitService.swift */; };
		127A2C881DBF55E600CD492F /* FacebookService.swift in Sources */ = {isa = PBXBuildFile; fileRef = 127A2C871DBF55E600CD492F /* FacebookService.swift */; };
		12EE6AFF1DB7AB1100FFC567 /* ShopPresenter.swift in Sources */ = {isa = PBXBuildFile; fileRef = 12EE6AFE1DB7AB1100FFC567 /* ShopPresenter.swift */; };
		12EE6B011DB7AB3000FFC567 /* ShopInteractor.swift in Sources */ = {isa = PBXBuildFile; fileRef = 12EE6B001DB7AB3000FFC567 /* ShopInteractor.swift */; };
		12EE6B071DB7AD0B00FFC567 /* ShopRouter.swift in Sources */ = {isa = PBXBuildFile; fileRef = 12EE6B061DB7AD0B00FFC567 /* ShopRouter.swift */; };
		12EE6B161DB8C50100FFC567 /* ProfilePresenter.swift in Sources */ = {isa = PBXBuildFile; fileRef = 12EE6B151DB8C50100FFC567 /* ProfilePresenter.swift */; };
		12EE6B181DB8C51900FFC567 /* ProfileListPresenter.swift in Sources */ = {isa = PBXBuildFile; fileRef = 12EE6B171DB8C51900FFC567 /* ProfileListPresenter.swift */; };
		12EE6B1A1DB8C52500FFC567 /* ProfileGridPresenter.swift in Sources */ = {isa = PBXBuildFile; fileRef = 12EE6B191DB8C52500FFC567 /* ProfileGridPresenter.swift */; };
		12EE6B1F1DB8C6E700FFC567 /* ProfileListInteractor.swift in Sources */ = {isa = PBXBuildFile; fileRef = 12EE6B1E1DB8C6E700FFC567 /* ProfileListInteractor.swift */; };
		12EE6B211DB8C6F700FFC567 /* ProfileGridInteractor.swift in Sources */ = {isa = PBXBuildFile; fileRef = 12EE6B201DB8C6F700FFC567 /* ProfileGridInteractor.swift */; };
		12EE6B231DB8C70A00FFC567 /* ProfileInteractor.swift in Sources */ = {isa = PBXBuildFile; fileRef = 12EE6B221DB8C70A00FFC567 /* ProfileInteractor.swift */; };
		12EE6B2A1DB8C76000FFC567 /* ProfileRouter.swift in Sources */ = {isa = PBXBuildFile; fileRef = 12EE6B291DB8C76000FFC567 /* ProfileRouter.swift */; };
		12EE6B2E1DB8C77E00FFC567 /* ProfileListRouter.swift in Sources */ = {isa = PBXBuildFile; fileRef = 12EE6B2D1DB8C77D00FFC567 /* ProfileListRouter.swift */; };
		12EE6B301DB8C79000FFC567 /* ProfileGridRouter.swift in Sources */ = {isa = PBXBuildFile; fileRef = 12EE6B2F1DB8C79000FFC567 /* ProfileGridRouter.swift */; };
		12EE6B321DB9100B00FFC567 /* MapPresenter.swift in Sources */ = {isa = PBXBuildFile; fileRef = 12EE6B311DB9100B00FFC567 /* MapPresenter.swift */; };
		12EE6B341DB9103100FFC567 /* MapInteractor.swift in Sources */ = {isa = PBXBuildFile; fileRef = 12EE6B331DB9103100FFC567 /* MapInteractor.swift */; };
		12EE6B361DB9106F00FFC567 /* MapRouter.swift in Sources */ = {isa = PBXBuildFile; fileRef = 12EE6B351DB9106F00FFC567 /* MapRouter.swift */; };
		12EE6B381DB920E100FFC567 /* ChatRouter.swift in Sources */ = {isa = PBXBuildFile; fileRef = 12EE6B371DB920E100FFC567 /* ChatRouter.swift */; };
		12EE6B3A1DB9211C00FFC567 /* ChatInteractor.swift in Sources */ = {isa = PBXBuildFile; fileRef = 12EE6B391DB9211C00FFC567 /* ChatInteractor.swift */; };
		12EE6B3C1DB9215200FFC567 /* ChatPresenter.swift in Sources */ = {isa = PBXBuildFile; fileRef = 12EE6B3B1DB9215200FFC567 /* ChatPresenter.swift */; };
		12EE6B3E1DB923A300FFC567 /* QuestsRouter.swift in Sources */ = {isa = PBXBuildFile; fileRef = 12EE6B3D1DB923A300FFC567 /* QuestsRouter.swift */; };
		12EE6B401DB923E600FFC567 /* QuestsInteractor.swift in Sources */ = {isa = PBXBuildFile; fileRef = 12EE6B3F1DB923E600FFC567 /* QuestsInteractor.swift */; };
		12EE6B421DB9241B00FFC567 /* QuestsPresenter.swift in Sources */ = {isa = PBXBuildFile; fileRef = 12EE6B411DB9241B00FFC567 /* QuestsPresenter.swift */; };
		12EE6B461DBA372A00FFC567 /* WireFrame.swift in Sources */ = {isa = PBXBuildFile; fileRef = 12EE6B451DBA372A00FFC567 /* WireFrame.swift */; };
		5264A7A11D8828B500EE78FC /* PlacesService.swift in Sources */ = {isa = PBXBuildFile; fileRef = 5264A7A01D8828B500EE78FC /* PlacesService.swift */; };
		52787BE01D86AA35009D17F5 /* AppDelegate.swift in Sources */ = {isa = PBXBuildFile; fileRef = 52787BDF1D86AA35009D17F5 /* AppDelegate.swift */; };
		52787BE71D86AA35009D17F5 /* Assets.xcassets in Resources */ = {isa = PBXBuildFile; fileRef = 52787BE61D86AA35009D17F5 /* Assets.xcassets */; };
		527D92B31D8988510059F14F /* RealmDataModel.swift in Sources */ = {isa = PBXBuildFile; fileRef = 527D92B21D8988510059F14F /* RealmDataModel.swift */; };
		5296E0B81DC4FDF400255FF2 /* MessageOutView.xib in Resources */ = {isa = PBXBuildFile; fileRef = 5296E0B71DC4FDF400255FF2 /* MessageOutView.xib */; };
		5296E0BA1DC4FF2300255FF2 /* MessageOutView.swift in Sources */ = {isa = PBXBuildFile; fileRef = 5296E0B91DC4FF2300255FF2 /* MessageOutView.swift */; };
		52BD55A91DC3EEF90044666E /* Extensions.swift in Sources */ = {isa = PBXBuildFile; fileRef = 52BD55A81DC3EEF90044666E /* Extensions.swift */; };
		52BD55AC1DC3F06B0044666E /* NavigationBarView.xib in Resources */ = {isa = PBXBuildFile; fileRef = 52BD55AB1DC3F06B0044666E /* NavigationBarView.xib */; };
		52BD55AE1DC3F2470044666E /* NavigationBarView.swift in Sources */ = {isa = PBXBuildFile; fileRef = 52BD55AD1DC3F2470044666E /* NavigationBarView.swift */; };
		52ED3BA51DC4D8B400BE2B50 /* Consts.swift in Sources */ = {isa = PBXBuildFile; fileRef = 52ED3BA41DC4D8B400BE2B50 /* Consts.swift */; };
		52ED3BB31DC4DF7A00BE2B50 /* icon_send_message_violet.png in Resources */ = {isa = PBXBuildFile; fileRef = 52ED3BA61DC4DF7A00BE2B50 /* icon_send_message_violet.png */; };
		52ED3BB51DC4DF7A00BE2B50 /* menu_chat_selected.png in Resources */ = {isa = PBXBuildFile; fileRef = 52ED3BA81DC4DF7A00BE2B50 /* menu_chat_selected.png */; };
		52ED3BB61DC4DF7A00BE2B50 /* menu_chat.png in Resources */ = {isa = PBXBuildFile; fileRef = 52ED3BA91DC4DF7A00BE2B50 /* menu_chat.png */; };
		52ED3BB71DC4DF7A00BE2B50 /* menu_map_selected.png in Resources */ = {isa = PBXBuildFile; fileRef = 52ED3BAA1DC4DF7A00BE2B50 /* menu_map_selected.png */; };
		52ED3BB81DC4DF7A00BE2B50 /* menu_map.png in Resources */ = {isa = PBXBuildFile; fileRef = 52ED3BAB1DC4DF7A00BE2B50 /* menu_map.png */; };
		52ED3BB91DC4DF7A00BE2B50 /* menu_profile_selected.png in Resources */ = {isa = PBXBuildFile; fileRef = 52ED3BAC1DC4DF7A00BE2B50 /* menu_profile_selected.png */; };
		52ED3BBA1DC4DF7A00BE2B50 /* menu_profile.png in Resources */ = {isa = PBXBuildFile; fileRef = 52ED3BAD1DC4DF7A00BE2B50 /* menu_profile.png */; };
		52ED3BBB1DC4DF7A00BE2B50 /* menu_quests_selected.png in Resources */ = {isa = PBXBuildFile; fileRef = 52ED3BAE1DC4DF7A00BE2B50 /* menu_quests_selected.png */; };
		52ED3BBC1DC4DF7A00BE2B50 /* menu_quests.png in Resources */ = {isa = PBXBuildFile; fileRef = 52ED3BAF1DC4DF7A00BE2B50 /* menu_quests.png */; };
		52ED3BBD1DC4DF7A00BE2B50 /* menu_shop_selected.png in Resources */ = {isa = PBXBuildFile; fileRef = 52ED3BB01DC4DF7A00BE2B50 /* menu_shop_selected.png */; };
		52ED3BBE1DC4DF7A00BE2B50 /* menu_shop.png in Resources */ = {isa = PBXBuildFile; fileRef = 52ED3BB11DC4DF7A00BE2B50 /* menu_shop.png */; };
		7E0F9D0E1D9649A90038D11D /* app_title.png in Resources */ = {isa = PBXBuildFile; fileRef = 7E0F9D0C1D9649A90038D11D /* app_title.png */; };
		7E0F9D0F1D9649A90038D11D /* ic_launcher_big.png in Resources */ = {isa = PBXBuildFile; fileRef = 7E0F9D0D1D9649A90038D11D /* ic_launcher_big.png */; };
		7E0F9D121D964C440038D11D /* facebook_login.png in Resources */ = {isa = PBXBuildFile; fileRef = 7E0F9D101D964C440038D11D /* facebook_login.png */; };
		7E0F9D131D964C440038D11D /* facebook_logout.png in Resources */ = {isa = PBXBuildFile; fileRef = 7E0F9D111D964C440038D11D /* facebook_logout.png */; };
		7E0F9D151D96524F0038D11D /* DeepSpace.png in Resources */ = {isa = PBXBuildFile; fileRef = 7E0F9D141D96524F0038D11D /* DeepSpace.png */; };
		F7F9968E342323C91D242D2A /* Pods_Severenity.framework in Frameworks */ = {isa = PBXBuildFile; fileRef = B3AAAE59B41ABFF884BC13C0 /* Pods_Severenity.framework */; };
/* End PBXBuildFile section */

/* Begin PBXContainerItemProxy section */
		523828771D89331500F55364 /* PBXContainerItemProxy */ = {
			isa = PBXContainerItemProxy;
			containerPortal = 52787BD41D86AA35009D17F5 /* Project object */;
			proxyType = 1;
			remoteGlobalIDString = 52787BDB1D86AA35009D17F5;
			remoteInfo = severenityProject;
		};
		523828851D89332D00F55364 /* PBXContainerItemProxy */ = {
			isa = PBXContainerItemProxy;
			containerPortal = 52787BD41D86AA35009D17F5 /* Project object */;
			proxyType = 1;
			remoteGlobalIDString = 52787BDB1D86AA35009D17F5;
			remoteInfo = severenityProject;
		};
/* End PBXContainerItemProxy section */

/* Begin PBXFileReference section */
		121328761DBE45F700FED50E /* SocketService.swift */ = {isa = PBXFileReference; fileEncoding = 4; lastKnownFileType = sourcecode.swift; path = SocketService.swift; sourceTree = "<group>"; };
		121A65401DC3678B00A6C6B9 /* NavigationBarPresenter.swift */ = {isa = PBXFileReference; fileEncoding = 4; lastKnownFileType = sourcecode.swift; path = NavigationBarPresenter.swift; sourceTree = "<group>"; };
		121A65421DC367A100A6C6B9 /* NavigationBarInteractor.swift */ = {isa = PBXFileReference; fileEncoding = 4; lastKnownFileType = sourcecode.swift; path = NavigationBarInteractor.swift; sourceTree = "<group>"; };
		121A65441DC367BC00A6C6B9 /* NavigationBarRouter.swift */ = {isa = PBXFileReference; fileEncoding = 4; lastKnownFileType = sourcecode.swift; path = NavigationBarRouter.swift; sourceTree = "<group>"; };
		121A65461DC37BA500A6C6B9 /* TabBarRouter.swift */ = {isa = PBXFileReference; fileEncoding = 4; lastKnownFileType = sourcecode.swift; path = TabBarRouter.swift; sourceTree = "<group>"; };
		121A65481DC37C0300A6C6B9 /* TabBarInteractor.swift */ = {isa = PBXFileReference; fileEncoding = 4; lastKnownFileType = sourcecode.swift; path = TabBarInteractor.swift; sourceTree = "<group>"; };
		121A654A1DC37C5000A6C6B9 /* TabBarPresenter.swift */ = {isa = PBXFileReference; fileEncoding = 4; lastKnownFileType = sourcecode.swift; path = TabBarPresenter.swift; sourceTree = "<group>"; };
		121A654D1DC38FBF00A6C6B9 /* ChatViewController.swift */ = {isa = PBXFileReference; fileEncoding = 4; lastKnownFileType = sourcecode.swift; name = ChatViewController.swift; path = Chat/ChatViewController.swift; sourceTree = "<group>"; };
		121A654E1DC38FBF00A6C6B9 /* InitialViewController.swift */ = {isa = PBXFileReference; fileEncoding = 4; lastKnownFileType = sourcecode.swift; path = InitialViewController.swift; sourceTree = "<group>"; };
		121A654F1DC38FBF00A6C6B9 /* LaunchScreen.storyboard */ = {isa = PBXFileReference; fileEncoding = 4; lastKnownFileType = file.storyboard; path = LaunchScreen.storyboard; sourceTree = "<group>"; };
		121A65501DC38FBF00A6C6B9 /* Main.storyboard */ = {isa = PBXFileReference; fileEncoding = 4; lastKnownFileType = file.storyboard; path = Main.storyboard; sourceTree = "<group>"; };
		121A65511DC38FBF00A6C6B9 /* MapViewController.swift */ = {isa = PBXFileReference; fileEncoding = 4; lastKnownFileType = sourcecode.swift; path = MapViewController.swift; sourceTree = "<group>"; };
		121A65521DC38FBF00A6C6B9 /* NavigationBarController.swift */ = {isa = PBXFileReference; fileEncoding = 4; lastKnownFileType = sourcecode.swift; path = NavigationBarController.swift; sourceTree = "<group>"; };
		121A65531DC38FBF00A6C6B9 /* QuestsViewController.swift */ = {isa = PBXFileReference; fileEncoding = 4; lastKnownFileType = sourcecode.swift; path = QuestsViewController.swift; sourceTree = "<group>"; };
		121A65541DC38FBF00A6C6B9 /* ShopViewController.swift */ = {isa = PBXFileReference; fileEncoding = 4; lastKnownFileType = sourcecode.swift; path = ShopViewController.swift; sourceTree = "<group>"; };
		121A65551DC38FBF00A6C6B9 /* TabBarController.swift */ = {isa = PBXFileReference; fileEncoding = 4; lastKnownFileType = sourcecode.swift; path = TabBarController.swift; sourceTree = "<group>"; };
		121A655F1DC38FF900A6C6B9 /* ProfileGridCell.swift */ = {isa = PBXFileReference; fileEncoding = 4; lastKnownFileType = sourcecode.swift; path = ProfileGridCell.swift; sourceTree = "<group>"; };
		121A65601DC38FF900A6C6B9 /* ProfileGridCell.xib */ = {isa = PBXFileReference; fileEncoding = 4; lastKnownFileType = file.xib; path = ProfileGridCell.xib; sourceTree = "<group>"; };
		121A65611DC38FF900A6C6B9 /* ProfileGridViewController.swift */ = {isa = PBXFileReference; fileEncoding = 4; lastKnownFileType = sourcecode.swift; path = ProfileGridViewController.swift; sourceTree = "<group>"; };
		121A65621DC38FF900A6C6B9 /* ProfileListCell.swift */ = {isa = PBXFileReference; fileEncoding = 4; lastKnownFileType = sourcecode.swift; path = ProfileListCell.swift; sourceTree = "<group>"; };
		121A65631DC38FF900A6C6B9 /* ProfileListCell.xib */ = {isa = PBXFileReference; fileEncoding = 4; lastKnownFileType = file.xib; path = ProfileListCell.xib; sourceTree = "<group>"; };
		121A65641DC38FF900A6C6B9 /* ProfileListViewController.swift */ = {isa = PBXFileReference; fileEncoding = 4; lastKnownFileType = sourcecode.swift; path = ProfileListViewController.swift; sourceTree = "<group>"; };
		121A65651DC38FF900A6C6B9 /* ProfileViewController.swift */ = {isa = PBXFileReference; fileEncoding = 4; lastKnownFileType = sourcecode.swift; path = ProfileViewController.swift; sourceTree = "<group>"; };
		121A656D1DC390CA00A6C6B9 /* SeverenityTest.swift */ = {isa = PBXFileReference; fileEncoding = 4; lastKnownFileType = sourcecode.swift; path = SeverenityTest.swift; sourceTree = "<group>"; };
		121A656F1DC3910D00A6C6B9 /* Info.plist */ = {isa = PBXFileReference; fileEncoding = 4; lastKnownFileType = text.plist.xml; path = Info.plist; sourceTree = "<group>"; };
		121A65701DC3910D00A6C6B9 /* SeverenityUITests.swift */ = {isa = PBXFileReference; fileEncoding = 4; lastKnownFileType = sourcecode.swift; path = SeverenityUITests.swift; sourceTree = "<group>"; };
		121D55411DC76AC900294742 /* MessageInView.xib */ = {isa = PBXFileReference; fileEncoding = 4; lastKnownFileType = file.xib; name = MessageInView.xib; path = Chat/MessageInView.xib; sourceTree = "<group>"; };
		121D55431DC76AEF00294742 /* MessageInView.swift */ = {isa = PBXFileReference; fileEncoding = 4; lastKnownFileType = sourcecode.swift; name = MessageInView.swift; path = Chat/MessageInView.swift; sourceTree = "<group>"; };
		12698F101DC7856F000F4601 /* starting_background@2x.jpg */ = {isa = PBXFileReference; lastKnownFileType = image.jpeg; path = "starting_background@2x.jpg"; sourceTree = "<group>"; };
		1270DD1B1DC90009002E1139 /* HealthKit.framework */ = {isa = PBXFileReference; lastKnownFileType = wrapper.framework; name = HealthKit.framework; path = System/Library/Frameworks/HealthKit.framework; sourceTree = SDKROOT; };
		1270DD1D1DC9FB86002E1139 /* HealthKitService.swift */ = {isa = PBXFileReference; fileEncoding = 4; lastKnownFileType = sourcecode.swift; path = HealthKitService.swift; sourceTree = "<group>"; };
		127A2C871DBF55E600CD492F /* FacebookService.swift */ = {isa = PBXFileReference; fileEncoding = 4; lastKnownFileType = sourcecode.swift; path = FacebookService.swift; sourceTree = "<group>"; };
		1293BE2B1DB65AE000658292 /* CoreLocation.framework */ = {isa = PBXFileReference; lastKnownFileType = wrapper.framework; name = CoreLocation.framework; path = System/Library/Frameworks/CoreLocation.framework; sourceTree = SDKROOT; };
		12EE6AFE1DB7AB1100FFC567 /* ShopPresenter.swift */ = {isa = PBXFileReference; fileEncoding = 4; lastKnownFileType = sourcecode.swift; path = ShopPresenter.swift; sourceTree = "<group>"; };
		12EE6B001DB7AB3000FFC567 /* ShopInteractor.swift */ = {isa = PBXFileReference; fileEncoding = 4; lastKnownFileType = sourcecode.swift; path = ShopInteractor.swift; sourceTree = "<group>"; };
		12EE6B061DB7AD0B00FFC567 /* ShopRouter.swift */ = {isa = PBXFileReference; fileEncoding = 4; lastKnownFileType = sourcecode.swift; path = ShopRouter.swift; sourceTree = "<group>"; };
		12EE6B151DB8C50100FFC567 /* ProfilePresenter.swift */ = {isa = PBXFileReference; fileEncoding = 4; lastKnownFileType = sourcecode.swift; path = ProfilePresenter.swift; sourceTree = "<group>"; };
		12EE6B171DB8C51900FFC567 /* ProfileListPresenter.swift */ = {isa = PBXFileReference; fileEncoding = 4; lastKnownFileType = sourcecode.swift; path = ProfileListPresenter.swift; sourceTree = "<group>"; };
		12EE6B191DB8C52500FFC567 /* ProfileGridPresenter.swift */ = {isa = PBXFileReference; fileEncoding = 4; lastKnownFileType = sourcecode.swift; path = ProfileGridPresenter.swift; sourceTree = "<group>"; };
		12EE6B1E1DB8C6E700FFC567 /* ProfileListInteractor.swift */ = {isa = PBXFileReference; fileEncoding = 4; lastKnownFileType = sourcecode.swift; path = ProfileListInteractor.swift; sourceTree = "<group>"; };
		12EE6B201DB8C6F700FFC567 /* ProfileGridInteractor.swift */ = {isa = PBXFileReference; fileEncoding = 4; lastKnownFileType = sourcecode.swift; path = ProfileGridInteractor.swift; sourceTree = "<group>"; };
		12EE6B221DB8C70A00FFC567 /* ProfileInteractor.swift */ = {isa = PBXFileReference; fileEncoding = 4; lastKnownFileType = sourcecode.swift; path = ProfileInteractor.swift; sourceTree = "<group>"; };
		12EE6B291DB8C76000FFC567 /* ProfileRouter.swift */ = {isa = PBXFileReference; fileEncoding = 4; lastKnownFileType = sourcecode.swift; path = ProfileRouter.swift; sourceTree = "<group>"; };
		12EE6B2D1DB8C77D00FFC567 /* ProfileListRouter.swift */ = {isa = PBXFileReference; fileEncoding = 4; lastKnownFileType = sourcecode.swift; path = ProfileListRouter.swift; sourceTree = "<group>"; };
		12EE6B2F1DB8C79000FFC567 /* ProfileGridRouter.swift */ = {isa = PBXFileReference; fileEncoding = 4; lastKnownFileType = sourcecode.swift; path = ProfileGridRouter.swift; sourceTree = "<group>"; };
		12EE6B311DB9100B00FFC567 /* MapPresenter.swift */ = {isa = PBXFileReference; fileEncoding = 4; lastKnownFileType = sourcecode.swift; path = MapPresenter.swift; sourceTree = "<group>"; };
		12EE6B331DB9103100FFC567 /* MapInteractor.swift */ = {isa = PBXFileReference; fileEncoding = 4; lastKnownFileType = sourcecode.swift; path = MapInteractor.swift; sourceTree = "<group>"; };
		12EE6B351DB9106F00FFC567 /* MapRouter.swift */ = {isa = PBXFileReference; fileEncoding = 4; lastKnownFileType = sourcecode.swift; path = MapRouter.swift; sourceTree = "<group>"; };
		12EE6B371DB920E100FFC567 /* ChatRouter.swift */ = {isa = PBXFileReference; fileEncoding = 4; lastKnownFileType = sourcecode.swift; path = ChatRouter.swift; sourceTree = "<group>"; };
		12EE6B391DB9211C00FFC567 /* ChatInteractor.swift */ = {isa = PBXFileReference; fileEncoding = 4; lastKnownFileType = sourcecode.swift; path = ChatInteractor.swift; sourceTree = "<group>"; };
		12EE6B3B1DB9215200FFC567 /* ChatPresenter.swift */ = {isa = PBXFileReference; fileEncoding = 4; lastKnownFileType = sourcecode.swift; path = ChatPresenter.swift; sourceTree = "<group>"; };
		12EE6B3D1DB923A300FFC567 /* QuestsRouter.swift */ = {isa = PBXFileReference; fileEncoding = 4; lastKnownFileType = sourcecode.swift; path = QuestsRouter.swift; sourceTree = "<group>"; };
		12EE6B3F1DB923E600FFC567 /* QuestsInteractor.swift */ = {isa = PBXFileReference; fileEncoding = 4; lastKnownFileType = sourcecode.swift; path = QuestsInteractor.swift; sourceTree = "<group>"; };
		12EE6B411DB9241B00FFC567 /* QuestsPresenter.swift */ = {isa = PBXFileReference; fileEncoding = 4; lastKnownFileType = sourcecode.swift; path = QuestsPresenter.swift; sourceTree = "<group>"; };
		12EE6B451DBA372A00FFC567 /* WireFrame.swift */ = {isa = PBXFileReference; fileEncoding = 4; lastKnownFileType = sourcecode.swift; path = WireFrame.swift; sourceTree = "<group>"; };
		32F484CB3F8B329893C92576 /* Pods-Severenity.release.xcconfig */ = {isa = PBXFileReference; includeInIndex = 1; lastKnownFileType = text.xcconfig; name = "Pods-Severenity.release.xcconfig"; path = "Pods/Target Support Files/Pods-Severenity/Pods-Severenity.release.xcconfig"; sourceTree = "<group>"; };
		3EF1D539D2A4755EDFC9C1D5 /* Pods-Severenity.debug.xcconfig */ = {isa = PBXFileReference; includeInIndex = 1; lastKnownFileType = text.xcconfig; name = "Pods-Severenity.debug.xcconfig"; path = "Pods/Target Support Files/Pods-Severenity/Pods-Severenity.debug.xcconfig"; sourceTree = "<group>"; };
		523828721D89331500F55364 /* SeverenityTests.xctest */ = {isa = PBXFileReference; explicitFileType = wrapper.cfbundle; includeInIndex = 0; path = SeverenityTests.xctest; sourceTree = BUILT_PRODUCTS_DIR; };
		523828761D89331500F55364 /* Info.plist */ = {isa = PBXFileReference; lastKnownFileType = text.plist.xml; path = Info.plist; sourceTree = "<group>"; };
		523828801D89332D00F55364 /* SeverenityUITests.xctest */ = {isa = PBXFileReference; explicitFileType = wrapper.cfbundle; includeInIndex = 0; path = SeverenityUITests.xctest; sourceTree = BUILT_PRODUCTS_DIR; };
		523EF8A51DB521C9002001CD /* Severenity.entitlements */ = {isa = PBXFileReference; lastKnownFileType = text.plist.entitlements; name = Severenity.entitlements; path = "Severenity/Supporting Files/Severenity.entitlements"; sourceTree = SOURCE_ROOT; };
		5264A7A01D8828B500EE78FC /* PlacesService.swift */ = {isa = PBXFileReference; fileEncoding = 4; lastKnownFileType = sourcecode.swift; path = PlacesService.swift; sourceTree = "<group>"; };
		52787BDC1D86AA35009D17F5 /* Severenity.app */ = {isa = PBXFileReference; explicitFileType = wrapper.application; includeInIndex = 0; path = Severenity.app; sourceTree = BUILT_PRODUCTS_DIR; };
		52787BDF1D86AA35009D17F5 /* AppDelegate.swift */ = {isa = PBXFileReference; lastKnownFileType = sourcecode.swift; path = AppDelegate.swift; sourceTree = "<group>"; };
		52787BE61D86AA35009D17F5 /* Assets.xcassets */ = {isa = PBXFileReference; lastKnownFileType = folder.assetcatalog; path = Assets.xcassets; sourceTree = "<group>"; };
		52787BEB1D86AA35009D17F5 /* Info.plist */ = {isa = PBXFileReference; lastKnownFileType = text.plist.xml; path = Info.plist; sourceTree = "<group>"; };
		527D92B21D8988510059F14F /* RealmDataModel.swift */ = {isa = PBXFileReference; fileEncoding = 4; lastKnownFileType = sourcecode.swift; path = RealmDataModel.swift; sourceTree = "<group>"; };
		5296E0B71DC4FDF400255FF2 /* MessageOutView.xib */ = {isa = PBXFileReference; fileEncoding = 4; lastKnownFileType = file.xib; name = MessageOutView.xib; path = Chat/MessageOutView.xib; sourceTree = "<group>"; };
		5296E0B91DC4FF2300255FF2 /* MessageOutView.swift */ = {isa = PBXFileReference; fileEncoding = 4; lastKnownFileType = sourcecode.swift; name = MessageOutView.swift; path = Chat/MessageOutView.swift; sourceTree = "<group>"; };
		52BD55A81DC3EEF90044666E /* Extensions.swift */ = {isa = PBXFileReference; fileEncoding = 4; lastKnownFileType = sourcecode.swift; path = Extensions.swift; sourceTree = "<group>"; };
		52BD55AB1DC3F06B0044666E /* NavigationBarView.xib */ = {isa = PBXFileReference; fileEncoding = 4; lastKnownFileType = file.xib; path = NavigationBarView.xib; sourceTree = "<group>"; };
		52BD55AD1DC3F2470044666E /* NavigationBarView.swift */ = {isa = PBXFileReference; fileEncoding = 4; lastKnownFileType = sourcecode.swift; path = NavigationBarView.swift; sourceTree = "<group>"; };
		52ED3BA41DC4D8B400BE2B50 /* Consts.swift */ = {isa = PBXFileReference; fileEncoding = 4; lastKnownFileType = sourcecode.swift; path = Consts.swift; sourceTree = "<group>"; };
		52ED3BA61DC4DF7A00BE2B50 /* icon_send_message_violet.png */ = {isa = PBXFileReference; lastKnownFileType = image.png; path = icon_send_message_violet.png; sourceTree = "<group>"; };
		52ED3BA81DC4DF7A00BE2B50 /* menu_chat_selected.png */ = {isa = PBXFileReference; lastKnownFileType = image.png; path = menu_chat_selected.png; sourceTree = "<group>"; };
		52ED3BA91DC4DF7A00BE2B50 /* menu_chat.png */ = {isa = PBXFileReference; lastKnownFileType = image.png; path = menu_chat.png; sourceTree = "<group>"; };
		52ED3BAA1DC4DF7A00BE2B50 /* menu_map_selected.png */ = {isa = PBXFileReference; lastKnownFileType = image.png; path = menu_map_selected.png; sourceTree = "<group>"; };
		52ED3BAB1DC4DF7A00BE2B50 /* menu_map.png */ = {isa = PBXFileReference; lastKnownFileType = image.png; path = menu_map.png; sourceTree = "<group>"; };
		52ED3BAC1DC4DF7A00BE2B50 /* menu_profile_selected.png */ = {isa = PBXFileReference; lastKnownFileType = image.png; path = menu_profile_selected.png; sourceTree = "<group>"; };
		52ED3BAD1DC4DF7A00BE2B50 /* menu_profile.png */ = {isa = PBXFileReference; lastKnownFileType = image.png; path = menu_profile.png; sourceTree = "<group>"; };
		52ED3BAE1DC4DF7A00BE2B50 /* menu_quests_selected.png */ = {isa = PBXFileReference; lastKnownFileType = image.png; path = menu_quests_selected.png; sourceTree = "<group>"; };
		52ED3BAF1DC4DF7A00BE2B50 /* menu_quests.png */ = {isa = PBXFileReference; lastKnownFileType = image.png; path = menu_quests.png; sourceTree = "<group>"; };
		52ED3BB01DC4DF7A00BE2B50 /* menu_shop_selected.png */ = {isa = PBXFileReference; lastKnownFileType = image.png; path = menu_shop_selected.png; sourceTree = "<group>"; };
		52ED3BB11DC4DF7A00BE2B50 /* menu_shop.png */ = {isa = PBXFileReference; lastKnownFileType = image.png; path = menu_shop.png; sourceTree = "<group>"; };
		7E0F9D0C1D9649A90038D11D /* app_title.png */ = {isa = PBXFileReference; lastKnownFileType = image.png; path = app_title.png; sourceTree = "<group>"; };
		7E0F9D0D1D9649A90038D11D /* ic_launcher_big.png */ = {isa = PBXFileReference; lastKnownFileType = image.png; path = ic_launcher_big.png; sourceTree = "<group>"; };
		7E0F9D101D964C440038D11D /* facebook_login.png */ = {isa = PBXFileReference; lastKnownFileType = image.png; path = facebook_login.png; sourceTree = "<group>"; };
		7E0F9D111D964C440038D11D /* facebook_logout.png */ = {isa = PBXFileReference; lastKnownFileType = image.png; path = facebook_logout.png; sourceTree = "<group>"; };
		7E0F9D141D96524F0038D11D /* DeepSpace.png */ = {isa = PBXFileReference; lastKnownFileType = image.png; path = DeepSpace.png; sourceTree = "<group>"; };
		B3AAAE59B41ABFF884BC13C0 /* Pods_Severenity.framework */ = {isa = PBXFileReference; explicitFileType = wrapper.framework; includeInIndex = 0; path = Pods_Severenity.framework; sourceTree = BUILT_PRODUCTS_DIR; };
/* End PBXFileReference section */

/* Begin PBXFrameworksBuildPhase section */
		5238286F1D89331500F55364 /* Frameworks */ = {
			isa = PBXFrameworksBuildPhase;
			buildActionMask = 2147483647;
			files = (
			);
			runOnlyForDeploymentPostprocessing = 0;
		};
		5238287D1D89332D00F55364 /* Frameworks */ = {
			isa = PBXFrameworksBuildPhase;
			buildActionMask = 2147483647;
			files = (
			);
			runOnlyForDeploymentPostprocessing = 0;
		};
		52787BD91D86AA35009D17F5 /* Frameworks */ = {
			isa = PBXFrameworksBuildPhase;
			buildActionMask = 2147483647;
			files = (
				F7F9968E342323C91D242D2A /* Pods_Severenity.framework in Frameworks */,
				1270DD1C1DC90009002E1139 /* HealthKit.framework in Frameworks */,
			);
			runOnlyForDeploymentPostprocessing = 0;
		};
/* End PBXFrameworksBuildPhase section */

/* Begin PBXGroup section */
		121A654C1DC386F300A6C6B9 /* Graphical Resources */ = {
			isa = PBXGroup;
			children = (
				52787BE61D86AA35009D17F5 /* Assets.xcassets */,
				12698F101DC7856F000F4601 /* starting_background@2x.jpg */,
				52ED3BA61DC4DF7A00BE2B50 /* icon_send_message_violet.png */,
				52ED3BA81DC4DF7A00BE2B50 /* menu_chat_selected.png */,
				52ED3BA91DC4DF7A00BE2B50 /* menu_chat.png */,
				52ED3BAA1DC4DF7A00BE2B50 /* menu_map_selected.png */,
				52ED3BAB1DC4DF7A00BE2B50 /* menu_map.png */,
				52ED3BAC1DC4DF7A00BE2B50 /* menu_profile_selected.png */,
				52ED3BAD1DC4DF7A00BE2B50 /* menu_profile.png */,
				52ED3BAE1DC4DF7A00BE2B50 /* menu_quests_selected.png */,
				52ED3BAF1DC4DF7A00BE2B50 /* menu_quests.png */,
				52ED3BB01DC4DF7A00BE2B50 /* menu_shop_selected.png */,
				52ED3BB11DC4DF7A00BE2B50 /* menu_shop.png */,
				7E0F9D141D96524F0038D11D /* DeepSpace.png */,
				7E0F9D101D964C440038D11D /* facebook_login.png */,
				7E0F9D111D964C440038D11D /* facebook_logout.png */,
				7E0F9D0C1D9649A90038D11D /* app_title.png */,
				7E0F9D0D1D9649A90038D11D /* ic_launcher_big.png */,
			);
			name = "Graphical Resources";
			path = "../Severenity/Graphical Resources";
			sourceTree = "<group>";
		};
		12EE6B0B1DB7B2DE00FFC567 /* Presenters */ = {
			isa = PBXGroup;
			children = (
				12EE6B3B1DB9215200FFC567 /* ChatPresenter.swift */,
				12EE6B311DB9100B00FFC567 /* MapPresenter.swift */,
				121A65401DC3678B00A6C6B9 /* NavigationBarPresenter.swift */,
				12EE6B121DB8C4AF00FFC567 /* Profile */,
				12EE6B411DB9241B00FFC567 /* QuestsPresenter.swift */,
				12EE6AFE1DB7AB1100FFC567 /* ShopPresenter.swift */,
				121A654A1DC37C5000A6C6B9 /* TabBarPresenter.swift */,
			);
			name = Presenters;
			path = ../Severenity/Presenters;
			sourceTree = "<group>";
		};
		12EE6B0C1DB7B2FF00FFC567 /* Interactors */ = {
			isa = PBXGroup;
			children = (
				12EE6B391DB9211C00FFC567 /* ChatInteractor.swift */,
				12EE6B331DB9103100FFC567 /* MapInteractor.swift */,
				121A65421DC367A100A6C6B9 /* NavigationBarInteractor.swift */,
				12EE6B1B1DB8C69A00FFC567 /* Profile */,
				12EE6B3F1DB923E600FFC567 /* QuestsInteractor.swift */,
				12EE6B001DB7AB3000FFC567 /* ShopInteractor.swift */,
				121A65481DC37C0300A6C6B9 /* TabBarInteractor.swift */,
			);
			name = Interactors;
			path = ../Severenity/Interactors;
			sourceTree = "<group>";
		};
		12EE6B0D1DB7B31600FFC567 /* Services */ = {
			isa = PBXGroup;
			children = (
				127A2C871DBF55E600CD492F /* FacebookService.swift */,
				1270DD1D1DC9FB86002E1139 /* HealthKitService.swift */,
				5264A7A01D8828B500EE78FC /* PlacesService.swift */,
				121328761DBE45F700FED50E /* SocketService.swift */,
			);
			name = Services;
			path = ../Severenity/Services;
			sourceTree = "<group>";
		};
		12EE6B0E1DB7B32100FFC567 /* Entities */ = {
			isa = PBXGroup;
			children = (
				527D92B21D8988510059F14F /* RealmDataModel.swift */,
			);
			name = Entities;
			path = ../Severenity/Entities;
			sourceTree = "<group>";
		};
		12EE6B101DB7B3DC00FFC567 /* Profile */ = {
			isa = PBXGroup;
			children = (
				121A65651DC38FF900A6C6B9 /* ProfileViewController.swift */,
				121A65631DC38FF900A6C6B9 /* ProfileListCell.xib */,
				121A65621DC38FF900A6C6B9 /* ProfileListCell.swift */,
				121A65641DC38FF900A6C6B9 /* ProfileListViewController.swift */,
				121A65601DC38FF900A6C6B9 /* ProfileGridCell.xib */,
				121A655F1DC38FF900A6C6B9 /* ProfileGridCell.swift */,
				121A65611DC38FF900A6C6B9 /* ProfileGridViewController.swift */,
			);
			path = Profile;
			sourceTree = "<group>";
		};
		12EE6B111DB7B46200FFC567 /* Routers */ = {
			isa = PBXGroup;
			children = (
				12EE6B371DB920E100FFC567 /* ChatRouter.swift */,
				12EE6B351DB9106F00FFC567 /* MapRouter.swift */,
				121A65441DC367BC00A6C6B9 /* NavigationBarRouter.swift */,
				12EE6B281DB8C74F00FFC567 /* Profile */,
				12EE6B3D1DB923A300FFC567 /* QuestsRouter.swift */,
				12EE6B061DB7AD0B00FFC567 /* ShopRouter.swift */,
				121A65461DC37BA500A6C6B9 /* TabBarRouter.swift */,
			);
			name = Routers;
			path = ../Severenity/Routers;
			sourceTree = "<group>";
		};
		12EE6B121DB8C4AF00FFC567 /* Profile */ = {
			isa = PBXGroup;
			children = (
				12EE6B151DB8C50100FFC567 /* ProfilePresenter.swift */,
				12EE6B171DB8C51900FFC567 /* ProfileListPresenter.swift */,
				12EE6B191DB8C52500FFC567 /* ProfileGridPresenter.swift */,
			);
			path = Profile;
			sourceTree = "<group>";
		};
		12EE6B1B1DB8C69A00FFC567 /* Profile */ = {
			isa = PBXGroup;
			children = (
				12EE6B221DB8C70A00FFC567 /* ProfileInteractor.swift */,
				12EE6B1E1DB8C6E700FFC567 /* ProfileListInteractor.swift */,
				12EE6B201DB8C6F700FFC567 /* ProfileGridInteractor.swift */,
			);
			path = Profile;
			sourceTree = "<group>";
		};
		12EE6B281DB8C74F00FFC567 /* Profile */ = {
			isa = PBXGroup;
			children = (
				12EE6B291DB8C76000FFC567 /* ProfileRouter.swift */,
				12EE6B2D1DB8C77D00FFC567 /* ProfileListRouter.swift */,
				12EE6B2F1DB8C79000FFC567 /* ProfileGridRouter.swift */,
			);
			path = Profile;
			sourceTree = "<group>";
		};
		523828731D89331500F55364 /* SeverenityTests */ = {
			isa = PBXGroup;
			children = (
				121A656D1DC390CA00A6C6B9 /* SeverenityTest.swift */,
				523828761D89331500F55364 /* Info.plist */,
			);
			path = SeverenityTests;
			sourceTree = "<group>";
		};
		523828811D89332D00F55364 /* SeverenityUITests */ = {
			isa = PBXGroup;
			children = (
				121A656F1DC3910D00A6C6B9 /* Info.plist */,
				121A65701DC3910D00A6C6B9 /* SeverenityUITests.swift */,
			);
			path = SeverenityUITests;
			sourceTree = "<group>";
		};
		52787BD31D86AA35009D17F5 = {
			isa = PBXGroup;
			children = (
				52787BDE1D86AA35009D17F5 /* Severenity */,
				523828731D89331500F55364 /* SeverenityTests */,
				523828811D89332D00F55364 /* SeverenityUITests */,
				52787BDD1D86AA35009D17F5 /* Products */,
				A56B052621749CD00A7D7D85 /* Pods */,
				80D382F60247FFE0365B0D4A /* Frameworks */,
			);
			sourceTree = "<group>";
		};
		52787BDD1D86AA35009D17F5 /* Products */ = {
			isa = PBXGroup;
			children = (
				52787BDC1D86AA35009D17F5 /* Severenity.app */,
				523828721D89331500F55364 /* SeverenityTests.xctest */,
				523828801D89332D00F55364 /* SeverenityUITests.xctest */,
			);
			name = Products;
			sourceTree = "<group>";
		};
		52787BDE1D86AA35009D17F5 /* Severenity */ = {
			isa = PBXGroup;
			children = (
				52787C0B1D86C838009D17F5 /* Views */,
				12EE6B0B1DB7B2DE00FFC567 /* Presenters */,
				12EE6B0C1DB7B2FF00FFC567 /* Interactors */,
				12EE6B0D1DB7B31600FFC567 /* Services */,
				12EE6B111DB7B46200FFC567 /* Routers */,
				12EE6B0E1DB7B32100FFC567 /* Entities */,
				121A654C1DC386F300A6C6B9 /* Graphical Resources */,
				52787BF11D86AAE3009D17F5 /* Supporting Files */,
			);
			path = Severenity;
			sourceTree = "<group>";
		};
		52787BF11D86AAE3009D17F5 /* Supporting Files */ = {
			isa = PBXGroup;
			children = (
				52787BDF1D86AA35009D17F5 /* AppDelegate.swift */,
				52ED3BA41DC4D8B400BE2B50 /* Consts.swift */,
				52BD55A81DC3EEF90044666E /* Extensions.swift */,
				12EE6B451DBA372A00FFC567 /* WireFrame.swift */,
				52787BEB1D86AA35009D17F5 /* Info.plist */,
				523EF8A51DB521C9002001CD /* Severenity.entitlements */,
			);
			name = "Supporting Files";
			path = "../Severenity/Supporting Files";
			sourceTree = "<group>";
		};
		52787C0B1D86C838009D17F5 /* Views */ = {
			isa = PBXGroup;
			children = (
				5296E0B61DC4FDD900255FF2 /* Chat */,
				121A654E1DC38FBF00A6C6B9 /* InitialViewController.swift */,
				121A654F1DC38FBF00A6C6B9 /* LaunchScreen.storyboard */,
				121A65501DC38FBF00A6C6B9 /* Main.storyboard */,
				121A65511DC38FBF00A6C6B9 /* MapViewController.swift */,
				52BD55AA1DC3F02B0044666E /* Navigation Bar */,
				12EE6B101DB7B3DC00FFC567 /* Profile */,
				121A65531DC38FBF00A6C6B9 /* QuestsViewController.swift */,
				121A65541DC38FBF00A6C6B9 /* ShopViewController.swift */,
				121A65551DC38FBF00A6C6B9 /* TabBarController.swift */,
			);
			name = Views;
			path = ../Severenity/Views;
			sourceTree = "<group>";
		};
		5296E0B61DC4FDD900255FF2 /* Chat */ = {
			isa = PBXGroup;
			children = (
				121A654D1DC38FBF00A6C6B9 /* ChatViewController.swift */,
				5296E0B71DC4FDF400255FF2 /* MessageOutView.xib */,
				5296E0B91DC4FF2300255FF2 /* MessageOutView.swift */,
				121D55411DC76AC900294742 /* MessageInView.xib */,
				121D55431DC76AEF00294742 /* MessageInView.swift */,
			);
			name = Chat;
			sourceTree = "<group>";
		};
		52BD55AA1DC3F02B0044666E /* Navigation Bar */ = {
			isa = PBXGroup;
			children = (
				121A65521DC38FBF00A6C6B9 /* NavigationBarController.swift */,
				52BD55AB1DC3F06B0044666E /* NavigationBarView.xib */,
				52BD55AD1DC3F2470044666E /* NavigationBarView.swift */,
			);
			path = "Navigation Bar";
			sourceTree = "<group>";
		};
		80D382F60247FFE0365B0D4A /* Frameworks */ = {
			isa = PBXGroup;
			children = (
				1270DD1B1DC90009002E1139 /* HealthKit.framework */,
				1293BE2B1DB65AE000658292 /* CoreLocation.framework */,
				B3AAAE59B41ABFF884BC13C0 /* Pods_Severenity.framework */,
			);
			name = Frameworks;
			sourceTree = "<group>";
		};
		A56B052621749CD00A7D7D85 /* Pods */ = {
			isa = PBXGroup;
			children = (
				3EF1D539D2A4755EDFC9C1D5 /* Pods-Severenity.debug.xcconfig */,
				32F484CB3F8B329893C92576 /* Pods-Severenity.release.xcconfig */,
			);
			name = Pods;
			sourceTree = "<group>";
		};
/* End PBXGroup section */

/* Begin PBXNativeTarget section */
		523828711D89331500F55364 /* SeverenityTests */ = {
			isa = PBXNativeTarget;
			buildConfigurationList = 5238287B1D89331600F55364 /* Build configuration list for PBXNativeTarget "SeverenityTests" */;
			buildPhases = (
				5238286E1D89331500F55364 /* Sources */,
				5238286F1D89331500F55364 /* Frameworks */,
				523828701D89331500F55364 /* Resources */,
			);
			buildRules = (
			);
			dependencies = (
				523828781D89331500F55364 /* PBXTargetDependency */,
			);
			name = SeverenityTests;
			productName = severenityProjectTests;
			productReference = 523828721D89331500F55364 /* SeverenityTests.xctest */;
			productType = "com.apple.product-type.bundle.unit-test";
		};
		5238287F1D89332D00F55364 /* SeverenityUITests */ = {
			isa = PBXNativeTarget;
			buildConfigurationList = 523828871D89332D00F55364 /* Build configuration list for PBXNativeTarget "SeverenityUITests" */;
			buildPhases = (
				5238287C1D89332D00F55364 /* Sources */,
				5238287D1D89332D00F55364 /* Frameworks */,
				5238287E1D89332D00F55364 /* Resources */,
			);
			buildRules = (
			);
			dependencies = (
				523828861D89332D00F55364 /* PBXTargetDependency */,
			);
			name = SeverenityUITests;
			productName = severenityProjectUITests;
			productReference = 523828801D89332D00F55364 /* SeverenityUITests.xctest */;
			productType = "com.apple.product-type.bundle.ui-testing";
		};
		52787BDB1D86AA35009D17F5 /* Severenity */ = {
			isa = PBXNativeTarget;
			buildConfigurationList = 52787BEE1D86AA35009D17F5 /* Build configuration list for PBXNativeTarget "Severenity" */;
			buildPhases = (
				24B2E31856B2713D9C1B0159 /* [CP] Check Pods Manifest.lock */,
				52787BD81D86AA35009D17F5 /* Sources */,
				52787BD91D86AA35009D17F5 /* Frameworks */,
				52787BDA1D86AA35009D17F5 /* Resources */,
				B60EEFC992BC0FCABDCBAE88 /* [CP] Embed Pods Frameworks */,
				B21832CE1A90FAFFD17B9784 /* [CP] Copy Pods Resources */,
			);
			buildRules = (
			);
			dependencies = (
			);
			name = Severenity;
			productName = severenityProject;
			productReference = 52787BDC1D86AA35009D17F5 /* Severenity.app */;
			productType = "com.apple.product-type.application";
		};
/* End PBXNativeTarget section */

/* Begin PBXProject section */
		52787BD41D86AA35009D17F5 /* Project object */ = {
			isa = PBXProject;
			attributes = {
				LastSwiftUpdateCheck = 0730;
				LastUpgradeCheck = 0810;
				ORGANIZATIONNAME = severenity;
				TargetAttributes = {
					523828711D89331500F55364 = {
						CreatedOnToolsVersion = 7.3.1;
						DevelopmentTeam = M7LFA46QZA;
						LastSwiftMigration = 0800;
						TestTargetID = 52787BDB1D86AA35009D17F5;
					};
					5238287F1D89332D00F55364 = {
						CreatedOnToolsVersion = 7.3.1;
						DevelopmentTeam = M7LFA46QZA;
						LastSwiftMigration = 0800;
						TestTargetID = 52787BDB1D86AA35009D17F5;
					};
					52787BDB1D86AA35009D17F5 = {
						CreatedOnToolsVersion = 7.3.1;
						LastSwiftMigration = 0800;
						ProvisioningStyle = Automatic;
						SystemCapabilities = {
							com.apple.HealthKit = {
								enabled = 1;
							};
							com.apple.Keychain = {
								enabled = 1;
							};
						};
					};
				};
			};
			buildConfigurationList = 52787BD71D86AA35009D17F5 /* Build configuration list for PBXProject "Severenity" */;
			compatibilityVersion = "Xcode 8.0";
			developmentRegion = English;
			hasScannedForEncodings = 0;
			knownRegions = (
				en,
				Base,
			);
			mainGroup = 52787BD31D86AA35009D17F5;
			productRefGroup = 52787BDD1D86AA35009D17F5 /* Products */;
			projectDirPath = "";
			projectRoot = "";
			targets = (
				52787BDB1D86AA35009D17F5 /* Severenity */,
				523828711D89331500F55364 /* SeverenityTests */,
				5238287F1D89332D00F55364 /* SeverenityUITests */,
			);
		};
/* End PBXProject section */

/* Begin PBXResourcesBuildPhase section */
		523828701D89331500F55364 /* Resources */ = {
			isa = PBXResourcesBuildPhase;
			buildActionMask = 2147483647;
			files = (
			);
			runOnlyForDeploymentPostprocessing = 0;
		};
		5238287E1D89332D00F55364 /* Resources */ = {
			isa = PBXResourcesBuildPhase;
			buildActionMask = 2147483647;
			files = (
			);
			runOnlyForDeploymentPostprocessing = 0;
		};
		52787BDA1D86AA35009D17F5 /* Resources */ = {
			isa = PBXResourcesBuildPhase;
			buildActionMask = 2147483647;
			files = (
				52ED3BBB1DC4DF7A00BE2B50 /* menu_quests_selected.png in Resources */,
				121A65581DC38FBF00A6C6B9 /* LaunchScreen.storyboard in Resources */,
				52ED3BB91DC4DF7A00BE2B50 /* menu_profile_selected.png in Resources */,
				52ED3BB51DC4DF7A00BE2B50 /* menu_chat_selected.png in Resources */,
				52ED3BBC1DC4DF7A00BE2B50 /* menu_quests.png in Resources */,
				12698F111DC7856F000F4601 /* starting_background@2x.jpg in Resources */,
				121D55421DC76AC900294742 /* MessageInView.xib in Resources */,
				52ED3BB71DC4DF7A00BE2B50 /* menu_map_selected.png in Resources */,
				121A65591DC38FBF00A6C6B9 /* Main.storyboard in Resources */,
				7E0F9D131D964C440038D11D /* facebook_logout.png in Resources */,
				7E0F9D0E1D9649A90038D11D /* app_title.png in Resources */,
				7E0F9D0F1D9649A90038D11D /* ic_launcher_big.png in Resources */,
				121A656A1DC38FF900A6C6B9 /* ProfileListCell.xib in Resources */,
				5296E0B81DC4FDF400255FF2 /* MessageOutView.xib in Resources */,
				52ED3BBA1DC4DF7A00BE2B50 /* menu_profile.png in Resources */,
				52ED3BBE1DC4DF7A00BE2B50 /* menu_shop.png in Resources */,
				52BD55AC1DC3F06B0044666E /* NavigationBarView.xib in Resources */,
				52787BE71D86AA35009D17F5 /* Assets.xcassets in Resources */,
				7E0F9D151D96524F0038D11D /* DeepSpace.png in Resources */,
				7E0F9D121D964C440038D11D /* facebook_login.png in Resources */,
				52ED3BB61DC4DF7A00BE2B50 /* menu_chat.png in Resources */,
				121A65671DC38FF900A6C6B9 /* ProfileGridCell.xib in Resources */,
				52ED3BBD1DC4DF7A00BE2B50 /* menu_shop_selected.png in Resources */,
				52ED3BB31DC4DF7A00BE2B50 /* icon_send_message_violet.png in Resources */,
				52ED3BB81DC4DF7A00BE2B50 /* menu_map.png in Resources */,
			);
			runOnlyForDeploymentPostprocessing = 0;
		};
/* End PBXResourcesBuildPhase section */

/* Begin PBXShellScriptBuildPhase section */
		24B2E31856B2713D9C1B0159 /* [CP] Check Pods Manifest.lock */ = {
			isa = PBXShellScriptBuildPhase;
			buildActionMask = 2147483647;
			files = (
			);
			inputPaths = (
			);
			name = "[CP] Check Pods Manifest.lock";
			outputPaths = (
			);
			runOnlyForDeploymentPostprocessing = 0;
			shellPath = /bin/sh;
			shellScript = "diff \"${PODS_ROOT}/../Podfile.lock\" \"${PODS_ROOT}/Manifest.lock\" > /dev/null\nif [ $? != 0 ] ; then\n    # print error to STDERR\n    echo \"error: The sandbox is not in sync with the Podfile.lock. Run 'pod install' or update your CocoaPods installation.\" >&2\n    exit 1\nfi\n";
			showEnvVarsInLog = 0;
		};
		B21832CE1A90FAFFD17B9784 /* [CP] Copy Pods Resources */ = {
			isa = PBXShellScriptBuildPhase;
			buildActionMask = 2147483647;
			files = (
			);
			inputPaths = (
			);
			name = "[CP] Copy Pods Resources";
			outputPaths = (
			);
			runOnlyForDeploymentPostprocessing = 0;
			shellPath = /bin/sh;
			shellScript = "\"${SRCROOT}/Pods/Target Support Files/Pods-Severenity/Pods-Severenity-resources.sh\"\n";
			showEnvVarsInLog = 0;
		};
		B60EEFC992BC0FCABDCBAE88 /* [CP] Embed Pods Frameworks */ = {
			isa = PBXShellScriptBuildPhase;
			buildActionMask = 2147483647;
			files = (
			);
			inputPaths = (
			);
			name = "[CP] Embed Pods Frameworks";
			outputPaths = (
			);
			runOnlyForDeploymentPostprocessing = 0;
			shellPath = /bin/sh;
			shellScript = "\"${SRCROOT}/Pods/Target Support Files/Pods-Severenity/Pods-Severenity-frameworks.sh\"\n";
			showEnvVarsInLog = 0;
		};
/* End PBXShellScriptBuildPhase section */

/* Begin PBXSourcesBuildPhase section */
		5238286E1D89331500F55364 /* Sources */ = {
			isa = PBXSourcesBuildPhase;
			buildActionMask = 2147483647;
			files = (
				121A656E1DC390CA00A6C6B9 /* SeverenityTest.swift in Sources */,
			);
			runOnlyForDeploymentPostprocessing = 0;
		};
		5238287C1D89332D00F55364 /* Sources */ = {
			isa = PBXSourcesBuildPhase;
			buildActionMask = 2147483647;
			files = (
				121A65721DC3910D00A6C6B9 /* SeverenityUITests.swift in Sources */,
			);
			runOnlyForDeploymentPostprocessing = 0;
		};
		52787BD81D86AA35009D17F5 /* Sources */ = {
			isa = PBXSourcesBuildPhase;
			buildActionMask = 2147483647;
			files = (
				12EE6B1A1DB8C52500FFC567 /* ProfileGridPresenter.swift in Sources */,
				52ED3BA51DC4D8B400BE2B50 /* Consts.swift in Sources */,
				127A2C881DBF55E600CD492F /* FacebookService.swift in Sources */,
				12EE6B301DB8C79000FFC567 /* ProfileGridRouter.swift in Sources */,
				121A655E1DC38FBF00A6C6B9 /* TabBarController.swift in Sources */,
				12EE6B181DB8C51900FFC567 /* ProfileListPresenter.swift in Sources */,
				121A65471DC37BA500A6C6B9 /* TabBarRouter.swift in Sources */,
				121A65451DC367BC00A6C6B9 /* NavigationBarRouter.swift in Sources */,
				12EE6B421DB9241B00FFC567 /* QuestsPresenter.swift in Sources */,
				12EE6B1F1DB8C6E700FFC567 /* ProfileListInteractor.swift in Sources */,
				121A65491DC37C0300A6C6B9 /* TabBarInteractor.swift in Sources */,
				121A656B1DC38FF900A6C6B9 /* ProfileListViewController.swift in Sources */,
				5296E0BA1DC4FF2300255FF2 /* MessageOutView.swift in Sources */,
				12EE6B211DB8C6F700FFC567 /* ProfileGridInteractor.swift in Sources */,
				12EE6B381DB920E100FFC567 /* ChatRouter.swift in Sources */,
				12EE6B2E1DB8C77E00FFC567 /* ProfileListRouter.swift in Sources */,
				12EE6B3C1DB9215200FFC567 /* ChatPresenter.swift in Sources */,
				52787BE01D86AA35009D17F5 /* AppDelegate.swift in Sources */,
				12EE6B3A1DB9211C00FFC567 /* ChatInteractor.swift in Sources */,
				121A65691DC38FF900A6C6B9 /* ProfileListCell.swift in Sources */,
				121A65571DC38FBF00A6C6B9 /* InitialViewController.swift in Sources */,
				12EE6B231DB8C70A00FFC567 /* ProfileInteractor.swift in Sources */,
				12EE6B461DBA372A00FFC567 /* WireFrame.swift in Sources */,
				1270DD1E1DC9FB86002E1139 /* HealthKitService.swift in Sources */,
				12EE6B071DB7AD0B00FFC567 /* ShopRouter.swift in Sources */,
				12EE6AFF1DB7AB1100FFC567 /* ShopPresenter.swift in Sources */,
				52BD55A91DC3EEF90044666E /* Extensions.swift in Sources */,
				12EE6B321DB9100B00FFC567 /* MapPresenter.swift in Sources */,
				121A655C1DC38FBF00A6C6B9 /* QuestsViewController.swift in Sources */,
				12EE6B3E1DB923A300FFC567 /* QuestsRouter.swift in Sources */,
				121A655D1DC38FBF00A6C6B9 /* ShopViewController.swift in Sources */,
				121A65561DC38FBF00A6C6B9 /* ChatViewController.swift in Sources */,
				12EE6B341DB9103100FFC567 /* MapInteractor.swift in Sources */,
				12EE6B011DB7AB3000FFC567 /* ShopInteractor.swift in Sources */,
				121A65661DC38FF900A6C6B9 /* ProfileGridCell.swift in Sources */,
				121A65411DC3678B00A6C6B9 /* NavigationBarPresenter.swift in Sources */,
				12EE6B2A1DB8C76000FFC567 /* ProfileRouter.swift in Sources */,
				121328771DBE45F700FED50E /* SocketService.swift in Sources */,
				121A655B1DC38FBF00A6C6B9 /* NavigationBarController.swift in Sources */,
				121A654B1DC37C5000A6C6B9 /* TabBarPresenter.swift in Sources */,
				121A65681DC38FF900A6C6B9 /* ProfileGridViewController.swift in Sources */,
				121A655A1DC38FBF00A6C6B9 /* MapViewController.swift in Sources */,
				12EE6B401DB923E600FFC567 /* QuestsInteractor.swift in Sources */,
				527D92B31D8988510059F14F /* RealmDataModel.swift in Sources */,
				52BD55AE1DC3F2470044666E /* NavigationBarView.swift in Sources */,
				12EE6B161DB8C50100FFC567 /* ProfilePresenter.swift in Sources */,
				12EE6B361DB9106F00FFC567 /* MapRouter.swift in Sources */,
				121A656C1DC38FF900A6C6B9 /* ProfileViewController.swift in Sources */,
				121A65431DC367A100A6C6B9 /* NavigationBarInteractor.swift in Sources */,
				5264A7A11D8828B500EE78FC /* PlacesService.swift in Sources */,
				121D55441DC76AEF00294742 /* MessageInView.swift in Sources */,
			);
			runOnlyForDeploymentPostprocessing = 0;
		};
/* End PBXSourcesBuildPhase section */

/* Begin PBXTargetDependency section */
		523828781D89331500F55364 /* PBXTargetDependency */ = {
			isa = PBXTargetDependency;
			target = 52787BDB1D86AA35009D17F5 /* Severenity */;
			targetProxy = 523828771D89331500F55364 /* PBXContainerItemProxy */;
		};
		523828861D89332D00F55364 /* PBXTargetDependency */ = {
			isa = PBXTargetDependency;
			target = 52787BDB1D86AA35009D17F5 /* Severenity */;
			targetProxy = 523828851D89332D00F55364 /* PBXContainerItemProxy */;
		};
/* End PBXTargetDependency section */

/* Begin XCBuildConfiguration section */
		523828791D89331500F55364 /* Debug */ = {
			isa = XCBuildConfiguration;
			buildSettings = {
				BUNDLE_LOADER = "$(TEST_HOST)";
				CLANG_ENABLE_MODULES = YES;
				INFOPLIST_FILE = SeverenityTests/Info.plist;
				LD_RUNPATH_SEARCH_PATHS = "$(inherited) @executable_path/Frameworks @loader_path/Frameworks";
				PRODUCT_BUNDLE_IDENTIFIER = com.severenity.SeverenityTests;
				PRODUCT_NAME = "$(TARGET_NAME)";
				SWIFT_OPTIMIZATION_LEVEL = "-Onone";
				SWIFT_VERSION = 3.0;
				TEST_HOST = "$(BUILT_PRODUCTS_DIR)/Severenity.app/Severenity";
			};
			name = Debug;
		};
		5238287A1D89331500F55364 /* Release */ = {
			isa = XCBuildConfiguration;
			buildSettings = {
				BUNDLE_LOADER = "$(TEST_HOST)";
				CLANG_ENABLE_MODULES = YES;
				INFOPLIST_FILE = SeverenityTests/Info.plist;
				LD_RUNPATH_SEARCH_PATHS = "$(inherited) @executable_path/Frameworks @loader_path/Frameworks";
				PRODUCT_BUNDLE_IDENTIFIER = com.severenity.SeverenityTests;
				PRODUCT_NAME = "$(TARGET_NAME)";
				SWIFT_VERSION = 3.0;
				TEST_HOST = "$(BUILT_PRODUCTS_DIR)/Severenity.app/Severenity";
			};
			name = Release;
		};
		523828881D89332D00F55364 /* Debug */ = {
			isa = XCBuildConfiguration;
			buildSettings = {
				CLANG_ENABLE_MODULES = YES;
				INFOPLIST_FILE = SeverenityUITests/Info.plist;
				LD_RUNPATH_SEARCH_PATHS = "$(inherited) @executable_path/Frameworks @loader_path/Frameworks";
				PRODUCT_BUNDLE_IDENTIFIER = com.severenity.severenityUITests;
				PRODUCT_NAME = "$(TARGET_NAME)";
				SWIFT_OPTIMIZATION_LEVEL = "-Onone";
				SWIFT_VERSION = 3.0;
				TEST_TARGET_NAME = Severenity;
			};
			name = Debug;
		};
		523828891D89332D00F55364 /* Release */ = {
			isa = XCBuildConfiguration;
			buildSettings = {
				CLANG_ENABLE_MODULES = YES;
				INFOPLIST_FILE = SeverenityUITests/Info.plist;
				LD_RUNPATH_SEARCH_PATHS = "$(inherited) @executable_path/Frameworks @loader_path/Frameworks";
				PRODUCT_BUNDLE_IDENTIFIER = com.severenity.severenityUITests;
				PRODUCT_NAME = "$(TARGET_NAME)";
				SWIFT_VERSION = 3.0;
				TEST_TARGET_NAME = Severenity;
			};
			name = Release;
		};
		52787BEC1D86AA35009D17F5 /* Debug */ = {
			isa = XCBuildConfiguration;
			buildSettings = {
				ALWAYS_SEARCH_USER_PATHS = NO;
				CLANG_ANALYZER_NONNULL = YES;
				CLANG_CXX_LANGUAGE_STANDARD = "gnu++0x";
				CLANG_CXX_LIBRARY = "libc++";
				CLANG_ENABLE_MODULES = YES;
				CLANG_ENABLE_OBJC_ARC = YES;
				CLANG_WARN_BOOL_CONVERSION = YES;
				CLANG_WARN_CONSTANT_CONVERSION = YES;
				CLANG_WARN_DIRECT_OBJC_ISA_USAGE = YES_ERROR;
				CLANG_WARN_EMPTY_BODY = YES;
				CLANG_WARN_ENUM_CONVERSION = YES;
				CLANG_WARN_INFINITE_RECURSION = YES;
				CLANG_WARN_INT_CONVERSION = YES;
				CLANG_WARN_OBJC_ROOT_CLASS = YES_ERROR;
				CLANG_WARN_SUSPICIOUS_MOVE = YES;
				CLANG_WARN_UNREACHABLE_CODE = YES;
				CLANG_WARN__DUPLICATE_METHOD_MATCH = YES;
				"CODE_SIGN_IDENTITY[sdk=iphoneos*]" = "iPhone Developer";
				COPY_PHASE_STRIP = NO;
				DEBUG_INFORMATION_FORMAT = dwarf;
				ENABLE_STRICT_OBJC_MSGSEND = YES;
				ENABLE_TESTABILITY = YES;
				GCC_C_LANGUAGE_STANDARD = gnu99;
				GCC_DYNAMIC_NO_PIC = NO;
				GCC_NO_COMMON_BLOCKS = YES;
				GCC_OPTIMIZATION_LEVEL = 0;
				GCC_PREPROCESSOR_DEFINITIONS = (
					"DEBUG=1",
					"$(inherited)",
				);
				GCC_WARN_64_TO_32_BIT_CONVERSION = YES;
				GCC_WARN_ABOUT_RETURN_TYPE = YES_ERROR;
				GCC_WARN_UNDECLARED_SELECTOR = YES;
				GCC_WARN_UNINITIALIZED_AUTOS = YES_AGGRESSIVE;
				GCC_WARN_UNUSED_FUNCTION = YES;
				GCC_WARN_UNUSED_VARIABLE = YES;
				IPHONEOS_DEPLOYMENT_TARGET = 10.0;
				MTL_ENABLE_DEBUG_INFO = YES;
				ONLY_ACTIVE_ARCH = YES;
				PRODUCT_NAME = Severenity;
				SDKROOT = iphoneos;
				SWIFT_OPTIMIZATION_LEVEL = "-Onone";
				SWIFT_VERSION = 3.0;
				TARGETED_DEVICE_FAMILY = "1,2";
			};
			name = Debug;
		};
		52787BED1D86AA35009D17F5 /* Release */ = {
			isa = XCBuildConfiguration;
			buildSettings = {
				ALWAYS_SEARCH_USER_PATHS = NO;
				CLANG_ANALYZER_NONNULL = YES;
				CLANG_CXX_LANGUAGE_STANDARD = "gnu++0x";
				CLANG_CXX_LIBRARY = "libc++";
				CLANG_ENABLE_MODULES = YES;
				CLANG_ENABLE_OBJC_ARC = YES;
				CLANG_WARN_BOOL_CONVERSION = YES;
				CLANG_WARN_CONSTANT_CONVERSION = YES;
				CLANG_WARN_DIRECT_OBJC_ISA_USAGE = YES_ERROR;
				CLANG_WARN_EMPTY_BODY = YES;
				CLANG_WARN_ENUM_CONVERSION = YES;
				CLANG_WARN_INFINITE_RECURSION = YES;
				CLANG_WARN_INT_CONVERSION = YES;
				CLANG_WARN_OBJC_ROOT_CLASS = YES_ERROR;
				CLANG_WARN_SUSPICIOUS_MOVE = YES;
				CLANG_WARN_UNREACHABLE_CODE = YES;
				CLANG_WARN__DUPLICATE_METHOD_MATCH = YES;
				"CODE_SIGN_IDENTITY[sdk=iphoneos*]" = "iPhone Developer";
				COPY_PHASE_STRIP = NO;
				DEBUG_INFORMATION_FORMAT = "dwarf-with-dsym";
				ENABLE_NS_ASSERTIONS = NO;
				ENABLE_STRICT_OBJC_MSGSEND = YES;
				GCC_C_LANGUAGE_STANDARD = gnu99;
				GCC_NO_COMMON_BLOCKS = YES;
				GCC_WARN_64_TO_32_BIT_CONVERSION = YES;
				GCC_WARN_ABOUT_RETURN_TYPE = YES_ERROR;
				GCC_WARN_UNDECLARED_SELECTOR = YES;
				GCC_WARN_UNINITIALIZED_AUTOS = YES_AGGRESSIVE;
				GCC_WARN_UNUSED_FUNCTION = YES;
				GCC_WARN_UNUSED_VARIABLE = YES;
				IPHONEOS_DEPLOYMENT_TARGET = 10.0;
				MTL_ENABLE_DEBUG_INFO = NO;
				PRODUCT_NAME = Severenity;
				SDKROOT = iphoneos;
				SWIFT_OPTIMIZATION_LEVEL = "-Owholemodule";
				SWIFT_VERSION = 3.0;
				TARGETED_DEVICE_FAMILY = "1,2";
				VALIDATE_PRODUCT = YES;
			};
			name = Release;
		};
		52787BEF1D86AA35009D17F5 /* Debug */ = {
			isa = XCBuildConfiguration;
			baseConfigurationReference = 3EF1D539D2A4755EDFC9C1D5 /* Pods-Severenity.debug.xcconfig */;
			buildSettings = {
				ALWAYS_EMBED_SWIFT_STANDARD_LIBRARIES = "$(inherited)";
				ASSETCATALOG_COMPILER_APPICON_NAME = AppIcon;
				CODE_SIGN_ENTITLEMENTS = "Severenity/Supporting Files/Severenity.entitlements";
				CODE_SIGN_IDENTITY = "iPhone Developer: yura.yasinskyy@gmail.com (2DL2BUT3N3)";
				"CODE_SIGN_IDENTITY[sdk=iphoneos*]" = "iPhone Developer";
				DEVELOPMENT_TEAM = "";
				FRAMEWORK_SEARCH_PATHS = "$(inherited)";
				INFOPLIST_FILE = "Severenity/Supporting Files/Info.plist";
				LD_RUNPATH_SEARCH_PATHS = "@executable_path/Frameworks $(inherited)";
				PRODUCT_BUNDLE_IDENTIFIER = com.severenity.Severenity;
				PRODUCT_NAME = "$(TARGET_NAME)";
				SWIFT_VERSION = 3.0;
			};
			name = Debug;
		};
		52787BF01D86AA35009D17F5 /* Release */ = {
			isa = XCBuildConfiguration;
			baseConfigurationReference = 32F484CB3F8B329893C92576 /* Pods-Severenity.release.xcconfig */;
			buildSettings = {
				ALWAYS_EMBED_SWIFT_STANDARD_LIBRARIES = "$(inherited)";
				ASSETCATALOG_COMPILER_APPICON_NAME = AppIcon;
				CODE_SIGN_ENTITLEMENTS = "Severenity/Supporting Files/Severenity.entitlements";
				CODE_SIGN_IDENTITY = "iPhone Developer: yura.yasinskyy@gmail.com (2DL2BUT3N3)";
				"CODE_SIGN_IDENTITY[sdk=iphoneos*]" = "iPhone Developer";
				DEVELOPMENT_TEAM = "";
				FRAMEWORK_SEARCH_PATHS = "$(inherited)";
				INFOPLIST_FILE = "Severenity/Supporting Files/Info.plist";
				LD_RUNPATH_SEARCH_PATHS = "@executable_path/Frameworks $(inherited)";
				PRODUCT_BUNDLE_IDENTIFIER = com.severenity.Severenity;
				PRODUCT_NAME = "$(TARGET_NAME)";
				SWIFT_VERSION = 3.0;
			};
			name = Release;
		};
/* End XCBuildConfiguration section */

/* Begin XCConfigurationList section */
		5238287B1D89331600F55364 /* Build configuration list for PBXNativeTarget "SeverenityTests" */ = {
			isa = XCConfigurationList;
			buildConfigurations = (
				523828791D89331500F55364 /* Debug */,
				5238287A1D89331500F55364 /* Release */,
			);
			defaultConfigurationIsVisible = 0;
			defaultConfigurationName = Release;
		};
		523828871D89332D00F55364 /* Build configuration list for PBXNativeTarget "SeverenityUITests" */ = {
			isa = XCConfigurationList;
			buildConfigurations = (
				523828881D89332D00F55364 /* Debug */,
				523828891D89332D00F55364 /* Release */,
			);
			defaultConfigurationIsVisible = 0;
			defaultConfigurationName = Release;
		};
		52787BD71D86AA35009D17F5 /* Build configuration list for PBXProject "Severenity" */ = {
			isa = XCConfigurationList;
			buildConfigurations = (
				52787BEC1D86AA35009D17F5 /* Debug */,
				52787BED1D86AA35009D17F5 /* Release */,
			);
			defaultConfigurationIsVisible = 0;
			defaultConfigurationName = Release;
		};
		52787BEE1D86AA35009D17F5 /* Build configuration list for PBXNativeTarget "Severenity" */ = {
			isa = XCConfigurationList;
			buildConfigurations = (
				52787BEF1D86AA35009D17F5 /* Debug */,
				52787BF01D86AA35009D17F5 /* Release */,
			);
			defaultConfigurationIsVisible = 0;
			defaultConfigurationName = Release;
		};
/* End XCConfigurationList section */
	};
	rootObject = 52787BD41D86AA35009D17F5 /* Project object */;
}
