// !$*UTF8*$!
{
	archiveVersion = 1;
	classes = {
	};
	objectVersion = 46;
	objects = {

/* Begin PBXBuildFile section */
		523828751D89331500F55364 /* severenityProjectTests.swift in Sources */ = {isa = PBXBuildFile; fileRef = 523828741D89331500F55364 /* severenityProjectTests.swift */; };
		523828831D89332D00F55364 /* severenityProjectUITests.swift in Sources */ = {isa = PBXBuildFile; fileRef = 523828821D89332D00F55364 /* severenityProjectUITests.swift */; };
		5238289A1D89826F00F55364 /* Realm.framework in Frameworks */ = {isa = PBXBuildFile; fileRef = 523828981D89826F00F55364 /* Realm.framework */; };
		5238289B1D89826F00F55364 /* Realm.framework in Embed Frameworks */ = {isa = PBXBuildFile; fileRef = 523828981D89826F00F55364 /* Realm.framework */; settings = {ATTRIBUTES = (CodeSignOnCopy, RemoveHeadersOnCopy, ); }; };
		5238289C1D89826F00F55364 /* RealmSwift.framework in Frameworks */ = {isa = PBXBuildFile; fileRef = 523828991D89826F00F55364 /* RealmSwift.framework */; };
		5238289D1D89826F00F55364 /* RealmSwift.framework in Embed Frameworks */ = {isa = PBXBuildFile; fileRef = 523828991D89826F00F55364 /* RealmSwift.framework */; settings = {ATTRIBUTES = (CodeSignOnCopy, RemoveHeadersOnCopy, ); }; };
		5264A7A11D8828B500EE78FC /* LocationsServerManager.swift in Sources */ = {isa = PBXBuildFile; fileRef = 5264A7A01D8828B500EE78FC /* LocationsServerManager.swift */; };
		5264A7A51D882F1700EE78FC /* ListCell.xib in Resources */ = {isa = PBXBuildFile; fileRef = 5264A7A41D882F1700EE78FC /* ListCell.xib */; };
		5264A7A71D882F2400EE78FC /* GridCell.xib in Resources */ = {isa = PBXBuildFile; fileRef = 5264A7A61D882F2400EE78FC /* GridCell.xib */; };
		5264A7A91D882F6700EE78FC /* ListCell.swift in Sources */ = {isa = PBXBuildFile; fileRef = 5264A7A81D882F6700EE78FC /* ListCell.swift */; };
		5264A7AB1D882F8800EE78FC /* GridCell.swift in Sources */ = {isa = PBXBuildFile; fileRef = 5264A7AA1D882F8800EE78FC /* GridCell.swift */; };
		52787BE01D86AA35009D17F5 /* AppDelegate.swift in Sources */ = {isa = PBXBuildFile; fileRef = 52787BDF1D86AA35009D17F5 /* AppDelegate.swift */; };
		52787BE51D86AA35009D17F5 /* Main.storyboard in Resources */ = {isa = PBXBuildFile; fileRef = 52787BE31D86AA35009D17F5 /* Main.storyboard */; };
		52787BE71D86AA35009D17F5 /* Assets.xcassets in Resources */ = {isa = PBXBuildFile; fileRef = 52787BE61D86AA35009D17F5 /* Assets.xcassets */; };
		52787BEA1D86AA35009D17F5 /* LaunchScreen.storyboard in Resources */ = {isa = PBXBuildFile; fileRef = 52787BE81D86AA35009D17F5 /* LaunchScreen.storyboard */; };
		52787C051D86C3BD009D17F5 /* InitialTabBarController.swift in Sources */ = {isa = PBXBuildFile; fileRef = 52787BFF1D86C3BD009D17F5 /* InitialTabBarController.swift */; };
		52787C061D86C3BD009D17F5 /* ShopViewController.swift in Sources */ = {isa = PBXBuildFile; fileRef = 52787C001D86C3BD009D17F5 /* ShopViewController.swift */; };
		52787C071D86C3BD009D17F5 /* ProfileViewController.swift in Sources */ = {isa = PBXBuildFile; fileRef = 52787C011D86C3BD009D17F5 /* ProfileViewController.swift */; };
		52787C081D86C3BD009D17F5 /* MapViewController.swift in Sources */ = {isa = PBXBuildFile; fileRef = 52787C021D86C3BD009D17F5 /* MapViewController.swift */; };
		52787C091D86C3BD009D17F5 /* ChatViewController.swift in Sources */ = {isa = PBXBuildFile; fileRef = 52787C031D86C3BD009D17F5 /* ChatViewController.swift */; };
		52787C0A1D86C3BD009D17F5 /* QuestsViewController.swift in Sources */ = {isa = PBXBuildFile; fileRef = 52787C041D86C3BD009D17F5 /* QuestsViewController.swift */; };
		52787C1B1D86D88D009D17F5 /* ListViewController.swift in Sources */ = {isa = PBXBuildFile; fileRef = 52787C1A1D86D88D009D17F5 /* ListViewController.swift */; };
		52787C211D86EEC6009D17F5 /* GridViewController.swift in Sources */ = {isa = PBXBuildFile; fileRef = 52787C201D86EEC6009D17F5 /* GridViewController.swift */; };
		9E28403612ACC78905B5AA1A /* Pods_severenityProject.framework in Frameworks */ = {isa = PBXBuildFile; fileRef = 6D2F58729FDE60536BBE9EC6 /* Pods_severenityProject.framework */; };
/* End PBXBuildFile section */

/* Begin PBXContainerItemProxy section */
		523828771D89331500F55364 /* PBXContainerItemProxy */ = {
			isa = PBXContainerItemProxy;
			containerPortal = 52787BD41D86AA35009D17F5 /* Project object */;
			proxyType = 1;
			remoteGlobalIDString = 52787BDB1D86AA35009D17F5;
			remoteInfo = severenityProject;
		};
		523828851D89332D00F55364 /* PBXContainerItemProxy */ = {
			isa = PBXContainerItemProxy;
			containerPortal = 52787BD41D86AA35009D17F5 /* Project object */;
			proxyType = 1;
			remoteGlobalIDString = 52787BDB1D86AA35009D17F5;
			remoteInfo = severenityProject;
		};
/* End PBXContainerItemProxy section */

/* Begin PBXCopyFilesBuildPhase section */
		5238289E1D89826F00F55364 /* Embed Frameworks */ = {
			isa = PBXCopyFilesBuildPhase;
			buildActionMask = 2147483647;
			dstPath = "";
			dstSubfolderSpec = 10;
			files = (
				5238289D1D89826F00F55364 /* RealmSwift.framework in Embed Frameworks */,
				5238289B1D89826F00F55364 /* Realm.framework in Embed Frameworks */,
			);
			name = "Embed Frameworks";
			runOnlyForDeploymentPostprocessing = 0;
		};
/* End PBXCopyFilesBuildPhase section */

/* Begin PBXFileReference section */
		3C9B25F8AB0EE5633501A8A2 /* Pods-severenityProject.release.xcconfig */ = {isa = PBXFileReference; includeInIndex = 1; lastKnownFileType = text.xcconfig; name = "Pods-severenityProject.release.xcconfig"; path = "Pods/Target Support Files/Pods-severenityProject/Pods-severenityProject.release.xcconfig"; sourceTree = "<group>"; };
		523828721D89331500F55364 /* severenityProjectTests.xctest */ = {isa = PBXFileReference; explicitFileType = wrapper.cfbundle; includeInIndex = 0; path = severenityProjectTests.xctest; sourceTree = BUILT_PRODUCTS_DIR; };
		523828741D89331500F55364 /* severenityProjectTests.swift */ = {isa = PBXFileReference; lastKnownFileType = sourcecode.swift; path = severenityProjectTests.swift; sourceTree = "<group>"; };
		523828761D89331500F55364 /* Info.plist */ = {isa = PBXFileReference; lastKnownFileType = text.plist.xml; path = Info.plist; sourceTree = "<group>"; };
		523828801D89332D00F55364 /* severenityProjectUITests.xctest */ = {isa = PBXFileReference; explicitFileType = wrapper.cfbundle; includeInIndex = 0; path = severenityProjectUITests.xctest; sourceTree = BUILT_PRODUCTS_DIR; };
		523828821D89332D00F55364 /* severenityProjectUITests.swift */ = {isa = PBXFileReference; lastKnownFileType = sourcecode.swift; path = severenityProjectUITests.swift; sourceTree = "<group>"; };
		523828841D89332D00F55364 /* Info.plist */ = {isa = PBXFileReference; lastKnownFileType = text.plist.xml; path = Info.plist; sourceTree = "<group>"; };
		523828981D89826F00F55364 /* Realm.framework */ = {isa = PBXFileReference; lastKnownFileType = wrapper.framework; name = Realm.framework; path = Frameworks/Realm.framework; sourceTree = "<group>"; };
		523828991D89826F00F55364 /* RealmSwift.framework */ = {isa = PBXFileReference; lastKnownFileType = wrapper.framework; name = RealmSwift.framework; path = Frameworks/RealmSwift.framework; sourceTree = "<group>"; };
		5264A7A01D8828B500EE78FC /* LocationsServerManager.swift */ = {isa = PBXFileReference; fileEncoding = 4; lastKnownFileType = sourcecode.swift; name = LocationsServerManager.swift; path = "Network Managers/LocationsServerManager.swift"; sourceTree = "<group>"; };
		5264A7A41D882F1700EE78FC /* ListCell.xib */ = {isa = PBXFileReference; fileEncoding = 4; lastKnownFileType = file.xib; name = ListCell.xib; path = Views/ListCell/ListCell.xib; sourceTree = "<group>"; };
		5264A7A61D882F2400EE78FC /* GridCell.xib */ = {isa = PBXFileReference; fileEncoding = 4; lastKnownFileType = file.xib; name = GridCell.xib; path = Views/GridCell/GridCell.xib; sourceTree = "<group>"; };
		5264A7A81D882F6700EE78FC /* ListCell.swift */ = {isa = PBXFileReference; fileEncoding = 4; lastKnownFileType = sourcecode.swift; path = ListCell.swift; sourceTree = "<group>"; };
		5264A7AA1D882F8800EE78FC /* GridCell.swift */ = {isa = PBXFileReference; fileEncoding = 4; lastKnownFileType = sourcecode.swift; path = GridCell.swift; sourceTree = "<group>"; };
		52787BDC1D86AA35009D17F5 /* severenityProject.app */ = {isa = PBXFileReference; explicitFileType = wrapper.application; includeInIndex = 0; path = severenityProject.app; sourceTree = BUILT_PRODUCTS_DIR; };
		52787BDF1D86AA35009D17F5 /* AppDelegate.swift */ = {isa = PBXFileReference; lastKnownFileType = sourcecode.swift; path = AppDelegate.swift; sourceTree = "<group>"; };
		52787BE41D86AA35009D17F5 /* Base */ = {isa = PBXFileReference; lastKnownFileType = file.storyboard; name = Base; path = Base.lproj/Main.storyboard; sourceTree = "<group>"; };
		52787BE61D86AA35009D17F5 /* Assets.xcassets */ = {isa = PBXFileReference; lastKnownFileType = folder.assetcatalog; path = Assets.xcassets; sourceTree = "<group>"; };
		52787BE91D86AA35009D17F5 /* Base */ = {isa = PBXFileReference; lastKnownFileType = file.storyboard; name = Base; path = Base.lproj/LaunchScreen.storyboard; sourceTree = "<group>"; };
		52787BEB1D86AA35009D17F5 /* Info.plist */ = {isa = PBXFileReference; lastKnownFileType = text.plist.xml; path = Info.plist; sourceTree = "<group>"; };
		52787BFF1D86C3BD009D17F5 /* InitialTabBarController.swift */ = {isa = PBXFileReference; fileEncoding = 4; lastKnownFileType = sourcecode.swift; name = InitialTabBarController.swift; path = "View Controllers/InitialTabBarController.swift"; sourceTree = "<group>"; };
		52787C001D86C3BD009D17F5 /* ShopViewController.swift */ = {isa = PBXFileReference; fileEncoding = 4; lastKnownFileType = sourcecode.swift; name = ShopViewController.swift; path = "View Controllers/ShopViewController.swift"; sourceTree = "<group>"; };
		52787C011D86C3BD009D17F5 /* ProfileViewController.swift */ = {isa = PBXFileReference; fileEncoding = 4; lastKnownFileType = sourcecode.swift; name = ProfileViewController.swift; path = "View Controllers/ProfileViewController.swift"; sourceTree = "<group>"; };
		52787C021D86C3BD009D17F5 /* MapViewController.swift */ = {isa = PBXFileReference; fileEncoding = 4; lastKnownFileType = sourcecode.swift; name = MapViewController.swift; path = "View Controllers/MapViewController.swift"; sourceTree = "<group>"; };
		52787C031D86C3BD009D17F5 /* ChatViewController.swift */ = {isa = PBXFileReference; fileEncoding = 4; lastKnownFileType = sourcecode.swift; name = ChatViewController.swift; path = "View Controllers/ChatViewController.swift"; sourceTree = "<group>"; };
		52787C041D86C3BD009D17F5 /* QuestsViewController.swift */ = {isa = PBXFileReference; fileEncoding = 4; lastKnownFileType = sourcecode.swift; name = QuestsViewController.swift; path = "View Controllers/QuestsViewController.swift"; sourceTree = "<group>"; };
		52787C1A1D86D88D009D17F5 /* ListViewController.swift */ = {isa = PBXFileReference; fileEncoding = 4; lastKnownFileType = sourcecode.swift; name = ListViewController.swift; path = "View Controllers/ListViewController.swift"; sourceTree = "<group>"; };
		52787C201D86EEC6009D17F5 /* GridViewController.swift */ = {isa = PBXFileReference; fileEncoding = 4; lastKnownFileType = sourcecode.swift; name = GridViewController.swift; path = "View Controllers/GridViewController.swift"; sourceTree = "<group>"; };
		6D2F58729FDE60536BBE9EC6 /* Pods_severenityProject.framework */ = {isa = PBXFileReference; explicitFileType = wrapper.framework; includeInIndex = 0; path = Pods_severenityProject.framework; sourceTree = BUILT_PRODUCTS_DIR; };
		78E1B83C8E7B05EED892731A /* Pods-severenityProject.debug.xcconfig */ = {isa = PBXFileReference; includeInIndex = 1; lastKnownFileType = text.xcconfig; name = "Pods-severenityProject.debug.xcconfig"; path = "Pods/Target Support Files/Pods-severenityProject/Pods-severenityProject.debug.xcconfig"; sourceTree = "<group>"; };
/* End PBXFileReference section */

/* Begin PBXFrameworksBuildPhase section */
		5238286F1D89331500F55364 /* Frameworks */ = {
			isa = PBXFrameworksBuildPhase;
			buildActionMask = 2147483647;
			files = (
			);
			runOnlyForDeploymentPostprocessing = 0;
		};
		5238287D1D89332D00F55364 /* Frameworks */ = {
			isa = PBXFrameworksBuildPhase;
			buildActionMask = 2147483647;
			files = (
			);
			runOnlyForDeploymentPostprocessing = 0;
		};
		52787BD91D86AA35009D17F5 /* Frameworks */ = {
			isa = PBXFrameworksBuildPhase;
			buildActionMask = 2147483647;
			files = (
				5238289A1D89826F00F55364 /* Realm.framework in Frameworks */,
				9E28403612ACC78905B5AA1A /* Pods_severenityProject.framework in Frameworks */,
				5238289C1D89826F00F55364 /* RealmSwift.framework in Frameworks */,
			);
			runOnlyForDeploymentPostprocessing = 0;
		};
/* End PBXFrameworksBuildPhase section */

/* Begin PBXGroup section */
		523828731D89331500F55364 /* severenityProjectTests */ = {
			isa = PBXGroup;
			children = (
				523828741D89331500F55364 /* severenityProjectTests.swift */,
				523828761D89331500F55364 /* Info.plist */,
			);
			path = severenityProjectTests;
			sourceTree = "<group>";
		};
		523828811D89332D00F55364 /* severenityProjectUITests */ = {
			isa = PBXGroup;
			children = (
				523828821D89332D00F55364 /* severenityProjectUITests.swift */,
				523828841D89332D00F55364 /* Info.plist */,
			);
			path = severenityProjectUITests;
			sourceTree = "<group>";
		};
		5264A7A21D882ED000EE78FC /* ListCell */ = {
			isa = PBXGroup;
			children = (
				5264A7A41D882F1700EE78FC /* ListCell.xib */,
				5264A7A81D882F6700EE78FC /* ListCell.swift */,
			);
			name = ListCell;
			sourceTree = "<group>";
		};
		5264A7A31D882EE000EE78FC /* GridCell */ = {
			isa = PBXGroup;
			children = (
				5264A7A61D882F2400EE78FC /* GridCell.xib */,
				5264A7AA1D882F8800EE78FC /* GridCell.swift */,
			);
			name = GridCell;
			sourceTree = "<group>";
		};
		52787BD31D86AA35009D17F5 = {
			isa = PBXGroup;
			children = (
				52787BDE1D86AA35009D17F5 /* severenityProject */,
				523828731D89331500F55364 /* severenityProjectTests */,
				523828811D89332D00F55364 /* severenityProjectUITests */,
				52787BDD1D86AA35009D17F5 /* Products */,
				A56B052621749CD00A7D7D85 /* Pods */,
				80D382F60247FFE0365B0D4A /* Frameworks */,
			);
			sourceTree = "<group>";
		};
		52787BDD1D86AA35009D17F5 /* Products */ = {
			isa = PBXGroup;
			children = (
				52787BDC1D86AA35009D17F5 /* severenityProject.app */,
				523828721D89331500F55364 /* severenityProjectTests.xctest */,
				523828801D89332D00F55364 /* severenityProjectUITests.xctest */,
			);
			name = Products;
			sourceTree = "<group>";
		};
		52787BDE1D86AA35009D17F5 /* severenityProject */ = {
			isa = PBXGroup;
			children = (
				5264A7A01D8828B500EE78FC /* LocationsServerManager.swift */,
				52787C0B1D86C838009D17F5 /* Views */,
				52787BF41D86B0B9009D17F5 /* View Controllers */,
				52787BE31D86AA35009D17F5 /* Main.storyboard */,
				52787BF11D86AAE3009D17F5 /* Supporting Files */,
			);
			path = severenityProject;
			sourceTree = "<group>";
		};
		52787BF11D86AAE3009D17F5 /* Supporting Files */ = {
			isa = PBXGroup;
			children = (
				52787BDF1D86AA35009D17F5 /* AppDelegate.swift */,
				52787BE61D86AA35009D17F5 /* Assets.xcassets */,
				52787BE81D86AA35009D17F5 /* LaunchScreen.storyboard */,
				52787BEB1D86AA35009D17F5 /* Info.plist */,
			);
			name = "Supporting Files";
			sourceTree = "<group>";
		};
		52787BF41D86B0B9009D17F5 /* View Controllers */ = {
			isa = PBXGroup;
			children = (
				52787BFF1D86C3BD009D17F5 /* InitialTabBarController.swift */,
				52787C001D86C3BD009D17F5 /* ShopViewController.swift */,
				52787C011D86C3BD009D17F5 /* ProfileViewController.swift */,
				52787C021D86C3BD009D17F5 /* MapViewController.swift */,
				52787C031D86C3BD009D17F5 /* ChatViewController.swift */,
				52787C041D86C3BD009D17F5 /* QuestsViewController.swift */,
				52787C1A1D86D88D009D17F5 /* ListViewController.swift */,
				52787C201D86EEC6009D17F5 /* GridViewController.swift */,
			);
			name = "View Controllers";
			sourceTree = "<group>";
		};
		52787C0B1D86C838009D17F5 /* Views */ = {
			isa = PBXGroup;
			children = (
				5264A7A21D882ED000EE78FC /* ListCell */,
				5264A7A31D882EE000EE78FC /* GridCell */,
			);
			name = Views;
			sourceTree = "<group>";
		};
		80D382F60247FFE0365B0D4A /* Frameworks */ = {
			isa = PBXGroup;
			children = (
				523828981D89826F00F55364 /* Realm.framework */,
				523828991D89826F00F55364 /* RealmSwift.framework */,
				6D2F58729FDE60536BBE9EC6 /* Pods_severenityProject.framework */,
			);
			name = Frameworks;
			sourceTree = "<group>";
		};
		A56B052621749CD00A7D7D85 /* Pods */ = {
			isa = PBXGroup;
			children = (
				78E1B83C8E7B05EED892731A /* Pods-severenityProject.debug.xcconfig */,
				3C9B25F8AB0EE5633501A8A2 /* Pods-severenityProject.release.xcconfig */,
			);
			name = Pods;
			sourceTree = "<group>";
		};
/* End PBXGroup section */

/* Begin PBXNativeTarget section */
		523828711D89331500F55364 /* severenityProjectTests */ = {
			isa = PBXNativeTarget;
			buildConfigurationList = 5238287B1D89331600F55364 /* Build configuration list for PBXNativeTarget "severenityProjectTests" */;
			buildPhases = (
				5238286E1D89331500F55364 /* Sources */,
				5238286F1D89331500F55364 /* Frameworks */,
				523828701D89331500F55364 /* Resources */,
			);
			buildRules = (
			);
			dependencies = (
				523828781D89331500F55364 /* PBXTargetDependency */,
			);
			name = severenityProjectTests;
			productName = severenityProjectTests;
			productReference = 523828721D89331500F55364 /* severenityProjectTests.xctest */;
			productType = "com.apple.product-type.bundle.unit-test";
		};
		5238287F1D89332D00F55364 /* severenityProjectUITests */ = {
			isa = PBXNativeTarget;
			buildConfigurationList = 523828871D89332D00F55364 /* Build configuration list for PBXNativeTarget "severenityProjectUITests" */;
			buildPhases = (
				5238287C1D89332D00F55364 /* Sources */,
				5238287D1D89332D00F55364 /* Frameworks */,
				5238287E1D89332D00F55364 /* Resources */,
			);
			buildRules = (
			);
			dependencies = (
				523828861D89332D00F55364 /* PBXTargetDependency */,
			);
			name = severenityProjectUITests;
			productName = severenityProjectUITests;
			productReference = 523828801D89332D00F55364 /* severenityProjectUITests.xctest */;
			productType = "com.apple.product-type.bundle.ui-testing";
		};
		52787BDB1D86AA35009D17F5 /* severenityProject */ = {
			isa = PBXNativeTarget;
			buildConfigurationList = 52787BEE1D86AA35009D17F5 /* Build configuration list for PBXNativeTarget "severenityProject" */;
			buildPhases = (
				24B2E31856B2713D9C1B0159 /* [CP] Check Pods Manifest.lock */,
				52787BD81D86AA35009D17F5 /* Sources */,
				52787BD91D86AA35009D17F5 /* Frameworks */,
				52787BDA1D86AA35009D17F5 /* Resources */,
				B60EEFC992BC0FCABDCBAE88 /* [CP] Embed Pods Frameworks */,
				B21832CE1A90FAFFD17B9784 /* [CP] Copy Pods Resources */,
				5238289E1D89826F00F55364 /* Embed Frameworks */,
			);
			buildRules = (
			);
			dependencies = (
			);
			name = severenityProject;
			productName = severenityProject;
			productReference = 52787BDC1D86AA35009D17F5 /* severenityProject.app */;
			productType = "com.apple.product-type.application";
		};
/* End PBXNativeTarget section */

/* Begin PBXProject section */
		52787BD41D86AA35009D17F5 /* Project object */ = {
			isa = PBXProject;
			attributes = {
				LastSwiftUpdateCheck = 0730;
				LastUpgradeCheck = 0730;
				ORGANIZATIONNAME = severenity;
				TargetAttributes = {
					523828711D89331500F55364 = {
						CreatedOnToolsVersion = 7.3.1;
						DevelopmentTeam = M7LFA46QZA;
						TestTargetID = 52787BDB1D86AA35009D17F5;
					};
					5238287F1D89332D00F55364 = {
						CreatedOnToolsVersion = 7.3.1;
						DevelopmentTeam = M7LFA46QZA;
						TestTargetID = 52787BDB1D86AA35009D17F5;
					};
					52787BDB1D86AA35009D17F5 = {
						CreatedOnToolsVersion = 7.3.1;
					};
				};
			};
			buildConfigurationList = 52787BD71D86AA35009D17F5 /* Build configuration list for PBXProject "severenityProject" */;
			compatibilityVersion = "Xcode 3.2";
			developmentRegion = English;
			hasScannedForEncodings = 0;
			knownRegions = (
				en,
				Base,
			);
			mainGroup = 52787BD31D86AA35009D17F5;
			productRefGroup = 52787BDD1D86AA35009D17F5 /* Products */;
			projectDirPath = "";
			projectRoot = "";
			targets = (
				52787BDB1D86AA35009D17F5 /* severenityProject */,
				523828711D89331500F55364 /* severenityProjectTests */,
				5238287F1D89332D00F55364 /* severenityProjectUITests */,
			);
		};
/* End PBXProject section */

/* Begin PBXResourcesBuildPhase section */
		523828701D89331500F55364 /* Resources */ = {
			isa = PBXResourcesBuildPhase;
			buildActionMask = 2147483647;
			files = (
			);
			runOnlyForDeploymentPostprocessing = 0;
		};
		5238287E1D89332D00F55364 /* Resources */ = {
			isa = PBXResourcesBuildPhase;
			buildActionMask = 2147483647;
			files = (
			);
			runOnlyForDeploymentPostprocessing = 0;
		};
		52787BDA1D86AA35009D17F5 /* Resources */ = {
			isa = PBXResourcesBuildPhase;
			buildActionMask = 2147483647;
			files = (
				52787BEA1D86AA35009D17F5 /* LaunchScreen.storyboard in Resources */,
				5264A7A71D882F2400EE78FC /* GridCell.xib in Resources */,
				5264A7A51D882F1700EE78FC /* ListCell.xib in Resources */,
				52787BE71D86AA35009D17F5 /* Assets.xcassets in Resources */,
				52787BE51D86AA35009D17F5 /* Main.storyboard in Resources */,
			);
			runOnlyForDeploymentPostprocessing = 0;
		};
/* End PBXResourcesBuildPhase section */

/* Begin PBXShellScriptBuildPhase section */
		24B2E31856B2713D9C1B0159 /* [CP] Check Pods Manifest.lock */ = {
			isa = PBXShellScriptBuildPhase;
			buildActionMask = 2147483647;
			files = (
			);
			inputPaths = (
			);
			name = "[CP] Check Pods Manifest.lock";
			outputPaths = (
			);
			runOnlyForDeploymentPostprocessing = 0;
			shellPath = /bin/sh;
			shellScript = "diff \"${PODS_ROOT}/../Podfile.lock\" \"${PODS_ROOT}/Manifest.lock\" > /dev/null\nif [[ $? != 0 ]] ; then\n    cat << EOM\nerror: The sandbox is not in sync with the Podfile.lock. Run 'pod install' or update your CocoaPods installation.\nEOM\n    exit 1\nfi\n";
			showEnvVarsInLog = 0;
		};
		B21832CE1A90FAFFD17B9784 /* [CP] Copy Pods Resources */ = {
			isa = PBXShellScriptBuildPhase;
			buildActionMask = 2147483647;
			files = (
			);
			inputPaths = (
			);
			name = "[CP] Copy Pods Resources";
			outputPaths = (
			);
			runOnlyForDeploymentPostprocessing = 0;
			shellPath = /bin/sh;
			shellScript = "\"${SRCROOT}/Pods/Target Support Files/Pods-severenityProject/Pods-severenityProject-resources.sh\"\n";
			showEnvVarsInLog = 0;
		};
		B60EEFC992BC0FCABDCBAE88 /* [CP] Embed Pods Frameworks */ = {
			isa = PBXShellScriptBuildPhase;
			buildActionMask = 2147483647;
			files = (
			);
			inputPaths = (
			);
			name = "[CP] Embed Pods Frameworks";
			outputPaths = (
			);
			runOnlyForDeploymentPostprocessing = 0;
			shellPath = /bin/sh;
			shellScript = "\"${SRCROOT}/Pods/Target Support Files/Pods-severenityProject/Pods-severenityProject-frameworks.sh\"\n";
			showEnvVarsInLog = 0;
		};
/* End PBXShellScriptBuildPhase section */

/* Begin PBXSourcesBuildPhase section */
		5238286E1D89331500F55364 /* Sources */ = {
			isa = PBXSourcesBuildPhase;
			buildActionMask = 2147483647;
			files = (
				523828751D89331500F55364 /* severenityProjectTests.swift in Sources */,
			);
			runOnlyForDeploymentPostprocessing = 0;
		};
		5238287C1D89332D00F55364 /* Sources */ = {
			isa = PBXSourcesBuildPhase;
			buildActionMask = 2147483647;
			files = (
				523828831D89332D00F55364 /* severenityProjectUITests.swift in Sources */,
			);
			runOnlyForDeploymentPostprocessing = 0;
		};
		52787BD81D86AA35009D17F5 /* Sources */ = {
			isa = PBXSourcesBuildPhase;
			buildActionMask = 2147483647;
			files = (
				52787C061D86C3BD009D17F5 /* ShopViewController.swift in Sources */,
				52787C0A1D86C3BD009D17F5 /* QuestsViewController.swift in Sources */,
				52787C051D86C3BD009D17F5 /* InitialTabBarController.swift in Sources */,
				52787C081D86C3BD009D17F5 /* MapViewController.swift in Sources */,
				52787BE01D86AA35009D17F5 /* AppDelegate.swift in Sources */,
				52787C071D86C3BD009D17F5 /* ProfileViewController.swift in Sources */,
				5264A7A91D882F6700EE78FC /* ListCell.swift in Sources */,
				52787C1B1D86D88D009D17F5 /* ListViewController.swift in Sources */,
				52787C091D86C3BD009D17F5 /* ChatViewController.swift in Sources */,
				52787C211D86EEC6009D17F5 /* GridViewController.swift in Sources */,
				5264A7A11D8828B500EE78FC /* LocationsServerManager.swift in Sources */,
				5264A7AB1D882F8800EE78FC /* GridCell.swift in Sources */,
			);
			runOnlyForDeploymentPostprocessing = 0;
		};
/* End PBXSourcesBuildPhase section */

/* Begin PBXTargetDependency section */
		523828781D89331500F55364 /* PBXTargetDependency */ = {
			isa = PBXTargetDependency;
			target = 52787BDB1D86AA35009D17F5 /* severenityProject */;
			targetProxy = 523828771D89331500F55364 /* PBXContainerItemProxy */;
		};
		523828861D89332D00F55364 /* PBXTargetDependency */ = {
			isa = PBXTargetDependency;
			target = 52787BDB1D86AA35009D17F5 /* severenityProject */;
			targetProxy = 523828851D89332D00F55364 /* PBXContainerItemProxy */;
		};
/* End PBXTargetDependency section */

/* Begin PBXVariantGroup section */
		52787BE31D86AA35009D17F5 /* Main.storyboard */ = {
			isa = PBXVariantGroup;
			children = (
				52787BE41D86AA35009D17F5 /* Base */,
			);
			name = Main.storyboard;
			sourceTree = "<group>";
		};
		52787BE81D86AA35009D17F5 /* LaunchScreen.storyboard */ = {
			isa = PBXVariantGroup;
			children = (
				52787BE91D86AA35009D17F5 /* Base */,
			);
			name = LaunchScreen.storyboard;
			sourceTree = "<group>";
		};
/* End PBXVariantGroup section */

/* Begin XCBuildConfiguration section */
		523828791D89331500F55364 /* Debug */ = {
			isa = XCBuildConfiguration;
			buildSettings = {
				BUNDLE_LOADER = "$(TEST_HOST)";
				INFOPLIST_FILE = severenityProjectTests/Info.plist;
				LD_RUNPATH_SEARCH_PATHS = "$(inherited) @executable_path/Frameworks @loader_path/Frameworks";
				PRODUCT_BUNDLE_IDENTIFIER = com.severenity.severenityProjectTests;
				PRODUCT_NAME = "$(TARGET_NAME)";
				TEST_HOST = "$(BUILT_PRODUCTS_DIR)/severenityProject.app/severenityProject";
			};
			name = Debug;
		};
		5238287A1D89331500F55364 /* Release */ = {
			isa = XCBuildConfiguration;
			buildSettings = {
				BUNDLE_LOADER = "$(TEST_HOST)";
				INFOPLIST_FILE = severenityProjectTests/Info.plist;
				LD_RUNPATH_SEARCH_PATHS = "$(inherited) @executable_path/Frameworks @loader_path/Frameworks";
				PRODUCT_BUNDLE_IDENTIFIER = com.severenity.severenityProjectTests;
				PRODUCT_NAME = "$(TARGET_NAME)";
				TEST_HOST = "$(BUILT_PRODUCTS_DIR)/severenityProject.app/severenityProject";
			};
			name = Release;
		};
		523828881D89332D00F55364 /* Debug */ = {
			isa = XCBuildConfiguration;
			buildSettings = {
				INFOPLIST_FILE = severenityProjectUITests/Info.plist;
				LD_RUNPATH_SEARCH_PATHS = "$(inherited) @executable_path/Frameworks @loader_path/Frameworks";
				PRODUCT_BUNDLE_IDENTIFIER = com.severenity.severenityProjectUITests;
				PRODUCT_NAME = "$(TARGET_NAME)";
				TEST_TARGET_NAME = severenityProject;
			};
			name = Debug;
		};
		523828891D89332D00F55364 /* Release */ = {
			isa = XCBuildConfiguration;
			buildSettings = {
				INFOPLIST_FILE = severenityProjectUITests/Info.plist;
				LD_RUNPATH_SEARCH_PATHS = "$(inherited) @executable_path/Frameworks @loader_path/Frameworks";
				PRODUCT_BUNDLE_IDENTIFIER = com.severenity.severenityProjectUITests;
				PRODUCT_NAME = "$(TARGET_NAME)";
				TEST_TARGET_NAME = severenityProject;
			};
			name = Release;
		};
		52787BEC1D86AA35009D17F5 /* Debug */ = {
			isa = XCBuildConfiguration;
			buildSettings = {
				ALWAYS_SEARCH_USER_PATHS = NO;
				CLANG_ANALYZER_NONNULL = YES;
				CLANG_CXX_LANGUAGE_STANDARD = "gnu++0x";
				CLANG_CXX_LIBRARY = "libc++";
				CLANG_ENABLE_MODULES = YES;
				CLANG_ENABLE_OBJC_ARC = YES;
				CLANG_WARN_BOOL_CONVERSION = YES;
				CLANG_WARN_CONSTANT_CONVERSION = YES;
				CLANG_WARN_DIRECT_OBJC_ISA_USAGE = YES_ERROR;
				CLANG_WARN_EMPTY_BODY = YES;
				CLANG_WARN_ENUM_CONVERSION = YES;
				CLANG_WARN_INT_CONVERSION = YES;
				CLANG_WARN_OBJC_ROOT_CLASS = YES_ERROR;
				CLANG_WARN_UNREACHABLE_CODE = YES;
				CLANG_WARN__DUPLICATE_METHOD_MATCH = YES;
				"CODE_SIGN_IDENTITY[sdk=iphoneos*]" = "iPhone Developer";
				COPY_PHASE_STRIP = NO;
				DEBUG_INFORMATION_FORMAT = dwarf;
				ENABLE_STRICT_OBJC_MSGSEND = YES;
				ENABLE_TESTABILITY = YES;
				GCC_C_LANGUAGE_STANDARD = gnu99;
				GCC_DYNAMIC_NO_PIC = NO;
				GCC_NO_COMMON_BLOCKS = YES;
				GCC_OPTIMIZATION_LEVEL = 0;
				GCC_PREPROCESSOR_DEFINITIONS = (
					"DEBUG=1",
					"$(inherited)",
				);
				GCC_WARN_64_TO_32_BIT_CONVERSION = YES;
				GCC_WARN_ABOUT_RETURN_TYPE = YES_ERROR;
				GCC_WARN_UNDECLARED_SELECTOR = YES;
				GCC_WARN_UNINITIALIZED_AUTOS = YES_AGGRESSIVE;
				GCC_WARN_UNUSED_FUNCTION = YES;
				GCC_WARN_UNUSED_VARIABLE = YES;
				IPHONEOS_DEPLOYMENT_TARGET = 9.3;
				MTL_ENABLE_DEBUG_INFO = YES;
				ONLY_ACTIVE_ARCH = YES;
				SDKROOT = iphoneos;
				SWIFT_OPTIMIZATION_LEVEL = "-Onone";
				TARGETED_DEVICE_FAMILY = "1,2";
			};
			name = Debug;
		};
		52787BED1D86AA35009D17F5 /* Release */ = {
			isa = XCBuildConfiguration;
			buildSettings = {
				ALWAYS_SEARCH_USER_PATHS = NO;
				CLANG_ANALYZER_NONNULL = YES;
				CLANG_CXX_LANGUAGE_STANDARD = "gnu++0x";
				CLANG_CXX_LIBRARY = "libc++";
				CLANG_ENABLE_MODULES = YES;
				CLANG_ENABLE_OBJC_ARC = YES;
				CLANG_WARN_BOOL_CONVERSION = YES;
				CLANG_WARN_CONSTANT_CONVERSION = YES;
				CLANG_WARN_DIRECT_OBJC_ISA_USAGE = YES_ERROR;
				CLANG_WARN_EMPTY_BODY = YES;
				CLANG_WARN_ENUM_CONVERSION = YES;
				CLANG_WARN_INT_CONVERSION = YES;
				CLANG_WARN_OBJC_ROOT_CLASS = YES_ERROR;
				CLANG_WARN_UNREACHABLE_CODE = YES;
				CLANG_WARN__DUPLICATE_METHOD_MATCH = YES;
				"CODE_SIGN_IDENTITY[sdk=iphoneos*]" = "iPhone Developer";
				COPY_PHASE_STRIP = NO;
				DEBUG_INFORMATION_FORMAT = "dwarf-with-dsym";
				ENABLE_NS_ASSERTIONS = NO;
				ENABLE_STRICT_OBJC_MSGSEND = YES;
				GCC_C_LANGUAGE_STANDARD = gnu99;
				GCC_NO_COMMON_BLOCKS = YES;
				GCC_WARN_64_TO_32_BIT_CONVERSION = YES;
				GCC_WARN_ABOUT_RETURN_TYPE = YES_ERROR;
				GCC_WARN_UNDECLARED_SELECTOR = YES;
				GCC_WARN_UNINITIALIZED_AUTOS = YES_AGGRESSIVE;
				GCC_WARN_UNUSED_FUNCTION = YES;
				GCC_WARN_UNUSED_VARIABLE = YES;
				IPHONEOS_DEPLOYMENT_TARGET = 9.3;
				MTL_ENABLE_DEBUG_INFO = NO;
				SDKROOT = iphoneos;
				TARGETED_DEVICE_FAMILY = "1,2";
				VALIDATE_PRODUCT = YES;
			};
			name = Release;
		};
		52787BEF1D86AA35009D17F5 /* Debug */ = {
			isa = XCBuildConfiguration;
			baseConfigurationReference = 78E1B83C8E7B05EED892731A /* Pods-severenityProject.debug.xcconfig */;
			buildSettings = {
				ASSETCATALOG_COMPILER_APPICON_NAME = AppIcon;
				CODE_SIGN_IDENTITY = "iPhone Developer";
				FRAMEWORK_SEARCH_PATHS = (
					"$(inherited)",
					"$(PROJECT_DIR)/Frameworks",
				);
				INFOPLIST_FILE = severenityProject/Info.plist;
				LD_RUNPATH_SEARCH_PATHS = "$(inherited) @executable_path/Frameworks";
				PRODUCT_BUNDLE_IDENTIFIER = com.severenity.severenityProject;
				PRODUCT_NAME = "$(TARGET_NAME)";
			};
			name = Debug;
		};
		52787BF01D86AA35009D17F5 /* Release */ = {
			isa = XCBuildConfiguration;
			baseConfigurationReference = 3C9B25F8AB0EE5633501A8A2 /* Pods-severenityProject.release.xcconfig */;
			buildSettings = {
				ASSETCATALOG_COMPILER_APPICON_NAME = AppIcon;
				CODE_SIGN_IDENTITY = "iPhone Developer";
				FRAMEWORK_SEARCH_PATHS = (
					"$(inherited)",
					"$(PROJECT_DIR)/Frameworks",
				);
				INFOPLIST_FILE = severenityProject/Info.plist;
				LD_RUNPATH_SEARCH_PATHS = "$(inherited) @executable_path/Frameworks";
				PRODUCT_BUNDLE_IDENTIFIER = com.severenity.severenityProject;
				PRODUCT_NAME = "$(TARGET_NAME)";
			};
			name = Release;
		};
/* End XCBuildConfiguration section */

/* Begin XCConfigurationList section */
		5238287B1D89331600F55364 /* Build configuration list for PBXNativeTarget "severenityProjectTests" */ = {
			isa = XCConfigurationList;
			buildConfigurations = (
				523828791D89331500F55364 /* Debug */,
				5238287A1D89331500F55364 /* Release */,
			);
			defaultConfigurationIsVisible = 0;
			defaultConfigurationName = Release;
		};
		523828871D89332D00F55364 /* Build configuration list for PBXNativeTarget "severenityProjectUITests" */ = {
			isa = XCConfigurationList;
			buildConfigurations = (
				523828881D89332D00F55364 /* Debug */,
				523828891D89332D00F55364 /* Release */,
			);
			defaultConfigurationIsVisible = 0;
			defaultConfigurationName = Release;
		};
		52787BD71D86AA35009D17F5 /* Build configuration list for PBXProject "severenityProject" */ = {
			isa = XCConfigurationList;
			buildConfigurations = (
				52787BEC1D86AA35009D17F5 /* Debug */,
				52787BED1D86AA35009D17F5 /* Release */,
			);
			defaultConfigurationIsVisible = 0;
			defaultConfigurationName = Release;
		};
		52787BEE1D86AA35009D17F5 /* Build configuration list for PBXNativeTarget "severenityProject" */ = {
			isa = XCConfigurationList;
			buildConfigurations = (
				52787BEF1D86AA35009D17F5 /* Debug */,
				52787BF01D86AA35009D17F5 /* Release */,
			);
			defaultConfigurationIsVisible = 0;
			defaultConfigurationName = Release;
		};
/* End XCConfigurationList section */
	};
	rootObject = 52787BD41D86AA35009D17F5 /* Project object */;
}
